// !$*UTF8*$!
{
	archiveVersion = 1;
	classes = {
	};
	objectVersion = 56;
	objects = {

/* Begin PBXBuildFile section */
		8714A9CB290C2E300032E014 /* FeaturedTabView.swift in Sources */ = {isa = PBXBuildFile; fileRef = 8714A9CA290C2E300032E014 /* FeaturedTabView.swift */; };
		8714A9CE290C3B070032E014 /* Category.swift in Sources */ = {isa = PBXBuildFile; fileRef = 8714A9CD290C3B070032E014 /* Category.swift */; };
		8714A9D0290C3CC20032E014 /* CategoryItemView.swift in Sources */ = {isa = PBXBuildFile; fileRef = 8714A9CF290C3CC20032E014 /* CategoryItemView.swift */; };
		8714A9D2290C40A00032E014 /* CategoryGridView.swift in Sources */ = {isa = PBXBuildFile; fileRef = 8714A9D1290C40A00032E014 /* CategoryGridView.swift */; };
		8714A9D4290C48570032E014 /* SectionView.swift in Sources */ = {isa = PBXBuildFile; fileRef = 8714A9D3290C48570032E014 /* SectionView.swift */; };
		873485842902EF310058CDC6 /* TouchdownApp.swift in Sources */ = {isa = PBXBuildFile; fileRef = 873485832902EF310058CDC6 /* TouchdownApp.swift */; };
		873485862902EF310058CDC6 /* ContentView.swift in Sources */ = {isa = PBXBuildFile; fileRef = 873485852902EF310058CDC6 /* ContentView.swift */; };
		873485882902EF330058CDC6 /* Assets.xcassets in Resources */ = {isa = PBXBuildFile; fileRef = 873485872902EF330058CDC6 /* Assets.xcassets */; };
		87AE6B7F2902F12E00EC998B /* brand.json in Resources */ = {isa = PBXBuildFile; fileRef = 87AE6B7B2902F12D00EC998B /* brand.json */; };
		87AE6B802902F12E00EC998B /* player.json in Resources */ = {isa = PBXBuildFile; fileRef = 87AE6B7C2902F12D00EC998B /* player.json */; };
		87AE6B812902F12E00EC998B /* product.json in Resources */ = {isa = PBXBuildFile; fileRef = 87AE6B7D2902F12D00EC998B /* product.json */; };
		87AE6B822902F12E00EC998B /* category.json in Resources */ = {isa = PBXBuildFile; fileRef = 87AE6B7E2902F12E00EC998B /* category.json */; };
		87C069942902F28400A805DF /* Preview Assets.xcassets in Resources */ = {isa = PBXBuildFile; fileRef = 87C069932902F28400A805DF /* Preview Assets.xcassets */; };
		87C0699D2902F39700A805DF /* Constant.swift in Sources */ = {isa = PBXBuildFile; fileRef = 87C0699C2902F39700A805DF /* Constant.swift */; };
		87C0699F2902F4A200A805DF /* FooterView.swift in Sources */ = {isa = PBXBuildFile; fileRef = 87C0699E2902F4A200A805DF /* FooterView.swift */; };
		87C069A12902FA6F00A805DF /* NavigationBarView.swift in Sources */ = {isa = PBXBuildFile; fileRef = 87C069A02902FA6F00A805DF /* NavigationBarView.swift */; };
		87C069A32902FB8700A805DF /* LogoView.swift in Sources */ = {isa = PBXBuildFile; fileRef = 87C069A22902FB8700A805DF /* LogoView.swift */; };
		87D1BC74290C266200A6EE43 /* Player.swift in Sources */ = {isa = PBXBuildFile; fileRef = 87D1BC73290C266200A6EE43 /* Player.swift */; };
		87D1BC76290C26AA00A6EE43 /* Bundle+decode.swift in Sources */ = {isa = PBXBuildFile; fileRef = 87D1BC75290C26AA00A6EE43 /* Bundle+decode.swift */; };
		87D1BC78290C2C6B00A6EE43 /* FeaturedItemView.swift in Sources */ = {isa = PBXBuildFile; fileRef = 87D1BC77290C2C6B00A6EE43 /* FeaturedItemView.swift */; };
		87F5E6A92910217900C58388 /* TitleView.swift in Sources */ = {isa = PBXBuildFile; fileRef = 87F5E6A82910217900C58388 /* TitleView.swift */; };
/* End PBXBuildFile section */

/* Begin PBXFileReference section */
		8714A9CA290C2E300032E014 /* FeaturedTabView.swift */ = {isa = PBXFileReference; lastKnownFileType = sourcecode.swift; path = FeaturedTabView.swift; sourceTree = "<group>"; };
		8714A9CD290C3B070032E014 /* Category.swift */ = {isa = PBXFileReference; lastKnownFileType = sourcecode.swift; path = Category.swift; sourceTree = "<group>"; };
		8714A9CF290C3CC20032E014 /* CategoryItemView.swift */ = {isa = PBXFileReference; lastKnownFileType = sourcecode.swift; path = CategoryItemView.swift; sourceTree = "<group>"; };
		8714A9D1290C40A00032E014 /* CategoryGridView.swift */ = {isa = PBXFileReference; lastKnownFileType = sourcecode.swift; path = CategoryGridView.swift; sourceTree = "<group>"; };
		8714A9D3290C48570032E014 /* SectionView.swift */ = {isa = PBXFileReference; lastKnownFileType = sourcecode.swift; path = SectionView.swift; sourceTree = "<group>"; };
		873485802902EF310058CDC6 /* Touchdown.app */ = {isa = PBXFileReference; explicitFileType = wrapper.application; includeInIndex = 0; path = Touchdown.app; sourceTree = BUILT_PRODUCTS_DIR; };
		873485832902EF310058CDC6 /* TouchdownApp.swift */ = {isa = PBXFileReference; lastKnownFileType = sourcecode.swift; path = TouchdownApp.swift; sourceTree = "<group>"; };
		873485852902EF310058CDC6 /* ContentView.swift */ = {isa = PBXFileReference; lastKnownFileType = sourcecode.swift; path = ContentView.swift; sourceTree = "<group>"; };
		873485872902EF330058CDC6 /* Assets.xcassets */ = {isa = PBXFileReference; lastKnownFileType = folder.assetcatalog; path = Assets.xcassets; sourceTree = "<group>"; };
		87AE6B7B2902F12D00EC998B /* brand.json */ = {isa = PBXFileReference; fileEncoding = 4; lastKnownFileType = text.json; path = brand.json; sourceTree = "<group>"; };
		87AE6B7C2902F12D00EC998B /* player.json */ = {isa = PBXFileReference; fileEncoding = 4; lastKnownFileType = text.json; path = player.json; sourceTree = "<group>"; };
		87AE6B7D2902F12D00EC998B /* product.json */ = {isa = PBXFileReference; fileEncoding = 4; lastKnownFileType = text.json; path = product.json; sourceTree = "<group>"; };
		87AE6B7E2902F12E00EC998B /* category.json */ = {isa = PBXFileReference; fileEncoding = 4; lastKnownFileType = text.json; path = category.json; sourceTree = "<group>"; };
		87C069932902F28400A805DF /* Preview Assets.xcassets */ = {isa = PBXFileReference; lastKnownFileType = folder.assetcatalog; path = "Preview Assets.xcassets"; sourceTree = "<group>"; };
		87C0699C2902F39700A805DF /* Constant.swift */ = {isa = PBXFileReference; lastKnownFileType = sourcecode.swift; path = Constant.swift; sourceTree = "<group>"; };
		87C0699E2902F4A200A805DF /* FooterView.swift */ = {isa = PBXFileReference; lastKnownFileType = sourcecode.swift; path = FooterView.swift; sourceTree = "<group>"; };
		87C069A02902FA6F00A805DF /* NavigationBarView.swift */ = {isa = PBXFileReference; lastKnownFileType = sourcecode.swift; path = NavigationBarView.swift; sourceTree = "<group>"; };
		87C069A22902FB8700A805DF /* LogoView.swift */ = {isa = PBXFileReference; lastKnownFileType = sourcecode.swift; path = LogoView.swift; sourceTree = "<group>"; };
		87D1BC73290C266200A6EE43 /* Player.swift */ = {isa = PBXFileReference; lastKnownFileType = sourcecode.swift; path = Player.swift; sourceTree = "<group>"; };
		87D1BC75290C26AA00A6EE43 /* Bundle+decode.swift */ = {isa = PBXFileReference; lastKnownFileType = sourcecode.swift; path = "Bundle+decode.swift"; sourceTree = "<group>"; };
		87D1BC77290C2C6B00A6EE43 /* FeaturedItemView.swift */ = {isa = PBXFileReference; lastKnownFileType = sourcecode.swift; path = FeaturedItemView.swift; sourceTree = "<group>"; };
		87F5E6A82910217900C58388 /* TitleView.swift */ = {isa = PBXFileReference; lastKnownFileType = sourcecode.swift; path = TitleView.swift; sourceTree = "<group>"; };
/* End PBXFileReference section */

/* Begin PBXFrameworksBuildPhase section */
		8734857D2902EF310058CDC6 /* Frameworks */ = {
			isa = PBXFrameworksBuildPhase;
			buildActionMask = 2147483647;
			files = (
			);
			runOnlyForDeploymentPostprocessing = 0;
		};
/* End PBXFrameworksBuildPhase section */

/* Begin PBXGroup section */
		8714A9CC290C31320032E014 /* Imageslider */ = {
			isa = PBXGroup;
			children = (
				87D1BC77290C2C6B00A6EE43 /* FeaturedItemView.swift */,
				8714A9CA290C2E300032E014 /* FeaturedTabView.swift */,
			);
			path = Imageslider;
			sourceTree = "<group>";
		};
		8714A9D5290C4E000032E014 /* CategoryView */ = {
			isa = PBXGroup;
			children = (
				8714A9CF290C3CC20032E014 /* CategoryItemView.swift */,
				8714A9D1290C40A00032E014 /* CategoryGridView.swift */,
				8714A9D3290C48570032E014 /* SectionView.swift */,
			);
			path = CategoryView;
			sourceTree = "<group>";
		};
		873485772902EF310058CDC6 = {
			isa = PBXGroup;
			children = (
				873485822902EF310058CDC6 /* Touchdown */,
				873485812902EF310058CDC6 /* Products */,
			);
			sourceTree = "<group>";
		};
		873485812902EF310058CDC6 /* Products */ = {
			isa = PBXGroup;
			children = (
				873485802902EF310058CDC6 /* Touchdown.app */,
			);
			name = Products;
			sourceTree = "<group>";
		};
		873485822902EF310058CDC6 /* Touchdown */ = {
			isa = PBXGroup;
			children = (
				87C069952902F33E00A805DF /* App */,
				87C069962902F34800A805DF /* View */,
				87C069992902F35E00A805DF /* Model */,
				87AE6B7A2902F11F00EC998B /* Data */,
				87C0699B2902F36F00A805DF /* Utility */,
				87C0699A2902F36500A805DF /* Extension */,
				873485872902EF330058CDC6 /* Assets.xcassets */,
				87C069922902F28400A805DF /* Preview Content */,
			);
			path = Touchdown;
			sourceTree = "<group>";
		};
		87AE6B7A2902F11F00EC998B /* Data */ = {
			isa = PBXGroup;
			children = (
				87AE6B7B2902F12D00EC998B /* brand.json */,
				87AE6B7E2902F12E00EC998B /* category.json */,
				87AE6B7C2902F12D00EC998B /* player.json */,
				87AE6B7D2902F12D00EC998B /* product.json */,
			);
			path = Data;
			sourceTree = "<group>";
		};
		87C069922902F28400A805DF /* Preview Content */ = {
			isa = PBXGroup;
			children = (
				87C069932902F28400A805DF /* Preview Assets.xcassets */,
			);
			path = "Preview Content";
			sourceTree = "<group>";
		};
		87C069952902F33E00A805DF /* App */ = {
			isa = PBXGroup;
			children = (
				873485832902EF310058CDC6 /* TouchdownApp.swift */,
				873485852902EF310058CDC6 /* ContentView.swift */,
			);
			path = App;
			sourceTree = "<group>";
		};
		87C069962902F34800A805DF /* View */ = {
			isa = PBXGroup;
			children = (
				87C069972902F34D00A805DF /* Home */,
				87C069982902F35300A805DF /* Detail */,
			);
			path = View;
			sourceTree = "<group>";
		};
		87C069972902F34D00A805DF /* Home */ = {
			isa = PBXGroup;
			children = (
				8714A9CC290C31320032E014 /* Imageslider */,
				8714A9D5290C4E000032E014 /* CategoryView */,
				87F5E6A82910217900C58388 /* TitleView.swift */,
				87C0699E2902F4A200A805DF /* FooterView.swift */,
				87C069A02902FA6F00A805DF /* NavigationBarView.swift */,
				87C069A22902FB8700A805DF /* LogoView.swift */,
			);
			path = Home;
			sourceTree = "<group>";
		};
		87C069982902F35300A805DF /* Detail */ = {
			isa = PBXGroup;
			children = (
			);
			path = Detail;
			sourceTree = "<group>";
		};
		87C069992902F35E00A805DF /* Model */ = {
			isa = PBXGroup;
			children = (
				87D1BC73290C266200A6EE43 /* Player.swift */,
				8714A9CD290C3B070032E014 /* Category.swift */,
			);
			path = Model;
			sourceTree = "<group>";
		};
		87C0699A2902F36500A805DF /* Extension */ = {
			isa = PBXGroup;
			children = (
				87D1BC75290C26AA00A6EE43 /* Bundle+decode.swift */,
			);
			path = Extension;
			sourceTree = "<group>";
		};
		87C0699B2902F36F00A805DF /* Utility */ = {
			isa = PBXGroup;
			children = (
				87C0699C2902F39700A805DF /* Constant.swift */,
			);
			path = Utility;
			sourceTree = "<group>";
		};
/* End PBXGroup section */

/* Begin PBXNativeTarget section */
		8734857F2902EF310058CDC6 /* Touchdown */ = {
			isa = PBXNativeTarget;
			buildConfigurationList = 8734858E2902EF330058CDC6 /* Build configuration list for PBXNativeTarget "Touchdown" */;
			buildPhases = (
				8734857C2902EF310058CDC6 /* Sources */,
				8734857D2902EF310058CDC6 /* Frameworks */,
				8734857E2902EF310058CDC6 /* Resources */,
			);
			buildRules = (
			);
			dependencies = (
			);
			name = Touchdown;
			productName = Touchdown;
			productReference = 873485802902EF310058CDC6 /* Touchdown.app */;
			productType = "com.apple.product-type.application";
		};
/* End PBXNativeTarget section */

/* Begin PBXProject section */
		873485782902EF310058CDC6 /* Project object */ = {
			isa = PBXProject;
			attributes = {
				BuildIndependentTargetsInParallel = 1;
				LastSwiftUpdateCheck = 1400;
				LastUpgradeCheck = 1400;
				TargetAttributes = {
					8734857F2902EF310058CDC6 = {
						CreatedOnToolsVersion = 14.0.1;
					};
				};
			};
			buildConfigurationList = 8734857B2902EF310058CDC6 /* Build configuration list for PBXProject "Touchdown" */;
			compatibilityVersion = "Xcode 14.0";
			developmentRegion = en;
			hasScannedForEncodings = 0;
			knownRegions = (
				en,
				Base,
			);
			mainGroup = 873485772902EF310058CDC6;
			productRefGroup = 873485812902EF310058CDC6 /* Products */;
			projectDirPath = "";
			projectRoot = "";
			targets = (
				8734857F2902EF310058CDC6 /* Touchdown */,
			);
		};
/* End PBXProject section */

/* Begin PBXResourcesBuildPhase section */
		8734857E2902EF310058CDC6 /* Resources */ = {
			isa = PBXResourcesBuildPhase;
			buildActionMask = 2147483647;
			files = (
				87AE6B802902F12E00EC998B /* player.json in Resources */,
				873485882902EF330058CDC6 /* Assets.xcassets in Resources */,
				87AE6B822902F12E00EC998B /* category.json in Resources */,
				87AE6B7F2902F12E00EC998B /* brand.json in Resources */,
				87C069942902F28400A805DF /* Preview Assets.xcassets in Resources */,
				87AE6B812902F12E00EC998B /* product.json in Resources */,
			);
			runOnlyForDeploymentPostprocessing = 0;
		};
/* End PBXResourcesBuildPhase section */

/* Begin PBXSourcesBuildPhase section */
		8734857C2902EF310058CDC6 /* Sources */ = {
			isa = PBXSourcesBuildPhase;
			buildActionMask = 2147483647;
			files = (
				873485862902EF310058CDC6 /* ContentView.swift in Sources */,
				87C069A32902FB8700A805DF /* LogoView.swift in Sources */,
				87D1BC78290C2C6B00A6EE43 /* FeaturedItemView.swift in Sources */,
				87C0699F2902F4A200A805DF /* FooterView.swift in Sources */,
				873485842902EF310058CDC6 /* TouchdownApp.swift in Sources */,
				87C0699D2902F39700A805DF /* Constant.swift in Sources */,
				87D1BC76290C26AA00A6EE43 /* Bundle+decode.swift in Sources */,
				8714A9D2290C40A00032E014 /* CategoryGridView.swift in Sources */,
				87C069A12902FA6F00A805DF /* NavigationBarView.swift in Sources */,
				8714A9CB290C2E300032E014 /* FeaturedTabView.swift in Sources */,
				8714A9D4290C48570032E014 /* SectionView.swift in Sources */,
				8714A9D0290C3CC20032E014 /* CategoryItemView.swift in Sources */,
				87D1BC74290C266200A6EE43 /* Player.swift in Sources */,
				8714A9CE290C3B070032E014 /* Category.swift in Sources */,
				87F5E6A92910217900C58388 /* TitleView.swift in Sources */,
			);
			runOnlyForDeploymentPostprocessing = 0;
		};
/* End PBXSourcesBuildPhase section */

/* Begin XCBuildConfiguration section */
		8734858C2902EF330058CDC6 /* Debug */ = {
			isa = XCBuildConfiguration;
			buildSettings = {
				ALWAYS_SEARCH_USER_PATHS = NO;
				CLANG_ANALYZER_NONNULL = YES;
				CLANG_ANALYZER_NUMBER_OBJECT_CONVERSION = YES_AGGRESSIVE;
				CLANG_CXX_LANGUAGE_STANDARD = "gnu++20";
				CLANG_ENABLE_MODULES = YES;
				CLANG_ENABLE_OBJC_ARC = YES;
				CLANG_ENABLE_OBJC_WEAK = YES;
				CLANG_WARN_BLOCK_CAPTURE_AUTORELEASING = YES;
				CLANG_WARN_BOOL_CONVERSION = YES;
				CLANG_WARN_COMMA = YES;
				CLANG_WARN_CONSTANT_CONVERSION = YES;
				CLANG_WARN_DEPRECATED_OBJC_IMPLEMENTATIONS = YES;
				CLANG_WARN_DIRECT_OBJC_ISA_USAGE = YES_ERROR;
				CLANG_WARN_DOCUMENTATION_COMMENTS = YES;
				CLANG_WARN_EMPTY_BODY = YES;
				CLANG_WARN_ENUM_CONVERSION = YES;
				CLANG_WARN_INFINITE_RECURSION = YES;
				CLANG_WARN_INT_CONVERSION = YES;
				CLANG_WARN_NON_LITERAL_NULL_CONVERSION = YES;
				CLANG_WARN_OBJC_IMPLICIT_RETAIN_SELF = YES;
				CLANG_WARN_OBJC_LITERAL_CONVERSION = YES;
				CLANG_WARN_OBJC_ROOT_CLASS = YES_ERROR;
				CLANG_WARN_QUOTED_INCLUDE_IN_FRAMEWORK_HEADER = YES;
				CLANG_WARN_RANGE_LOOP_ANALYSIS = YES;
				CLANG_WARN_STRICT_PROTOTYPES = YES;
				CLANG_WARN_SUSPICIOUS_MOVE = YES;
				CLANG_WARN_UNGUARDED_AVAILABILITY = YES_AGGRESSIVE;
				CLANG_WARN_UNREACHABLE_CODE = YES;
				CLANG_WARN__DUPLICATE_METHOD_MATCH = YES;
				COPY_PHASE_STRIP = NO;
				DEBUG_INFORMATION_FORMAT = dwarf;
				ENABLE_STRICT_OBJC_MSGSEND = YES;
				ENABLE_TESTABILITY = YES;
				GCC_C_LANGUAGE_STANDARD = gnu11;
				GCC_DYNAMIC_NO_PIC = NO;
				GCC_NO_COMMON_BLOCKS = YES;
				GCC_OPTIMIZATION_LEVEL = 0;
				GCC_PREPROCESSOR_DEFINITIONS = (
					"DEBUG=1",
					"$(inherited)",
				);
				GCC_WARN_64_TO_32_BIT_CONVERSION = YES;
				GCC_WARN_ABOUT_RETURN_TYPE = YES_ERROR;
				GCC_WARN_UNDECLARED_SELECTOR = YES;
				GCC_WARN_UNINITIALIZED_AUTOS = YES_AGGRESSIVE;
				GCC_WARN_UNUSED_FUNCTION = YES;
				GCC_WARN_UNUSED_VARIABLE = YES;
				IPHONEOS_DEPLOYMENT_TARGET = 16.0;
				MTL_ENABLE_DEBUG_INFO = INCLUDE_SOURCE;
				MTL_FAST_MATH = YES;
				ONLY_ACTIVE_ARCH = YES;
				SDKROOT = iphoneos;
				SWIFT_ACTIVE_COMPILATION_CONDITIONS = DEBUG;
				SWIFT_OPTIMIZATION_LEVEL = "-Onone";
			};
			name = Debug;
		};
		8734858D2902EF330058CDC6 /* Release */ = {
			isa = XCBuildConfiguration;
			buildSettings = {
				ALWAYS_SEARCH_USER_PATHS = NO;
				CLANG_ANALYZER_NONNULL = YES;
				CLANG_ANALYZER_NUMBER_OBJECT_CONVERSION = YES_AGGRESSIVE;
				CLANG_CXX_LANGUAGE_STANDARD = "gnu++20";
				CLANG_ENABLE_MODULES = YES;
				CLANG_ENABLE_OBJC_ARC = YES;
				CLANG_ENABLE_OBJC_WEAK = YES;
				CLANG_WARN_BLOCK_CAPTURE_AUTORELEASING = YES;
				CLANG_WARN_BOOL_CONVERSION = YES;
				CLANG_WARN_COMMA = YES;
				CLANG_WARN_CONSTANT_CONVERSION = YES;
				CLANG_WARN_DEPRECATED_OBJC_IMPLEMENTATIONS = YES;
				CLANG_WARN_DIRECT_OBJC_ISA_USAGE = YES_ERROR;
				CLANG_WARN_DOCUMENTATION_COMMENTS = YES;
				CLANG_WARN_EMPTY_BODY = YES;
				CLANG_WARN_ENUM_CONVERSION = YES;
				CLANG_WARN_INFINITE_RECURSION = YES;
				CLANG_WARN_INT_CONVERSION = YES;
				CLANG_WARN_NON_LITERAL_NULL_CONVERSION = YES;
				CLANG_WARN_OBJC_IMPLICIT_RETAIN_SELF = YES;
				CLANG_WARN_OBJC_LITERAL_CONVERSION = YES;
				CLANG_WARN_OBJC_ROOT_CLASS = YES_ERROR;
				CLANG_WARN_QUOTED_INCLUDE_IN_FRAMEWORK_HEADER = YES;
				CLANG_WARN_RANGE_LOOP_ANALYSIS = YES;
				CLANG_WARN_STRICT_PROTOTYPES = YES;
				CLANG_WARN_SUSPICIOUS_MOVE = YES;
				CLANG_WARN_UNGUARDED_AVAILABILITY = YES_AGGRESSIVE;
				CLANG_WARN_UNREACHABLE_CODE = YES;
				CLANG_WARN__DUPLICATE_METHOD_MATCH = YES;
				COPY_PHASE_STRIP = NO;
				DEBUG_INFORMATION_FORMAT = "dwarf-with-dsym";
				ENABLE_NS_ASSERTIONS = NO;
				ENABLE_STRICT_OBJC_MSGSEND = YES;
				GCC_C_LANGUAGE_STANDARD = gnu11;
				GCC_NO_COMMON_BLOCKS = YES;
				GCC_WARN_64_TO_32_BIT_CONVERSION = YES;
				GCC_WARN_ABOUT_RETURN_TYPE = YES_ERROR;
				GCC_WARN_UNDECLARED_SELECTOR = YES;
				GCC_WARN_UNINITIALIZED_AUTOS = YES_AGGRESSIVE;
				GCC_WARN_UNUSED_FUNCTION = YES;
				GCC_WARN_UNUSED_VARIABLE = YES;
				IPHONEOS_DEPLOYMENT_TARGET = 16.0;
				MTL_ENABLE_DEBUG_INFO = NO;
				MTL_FAST_MATH = YES;
				SDKROOT = iphoneos;
				SWIFT_COMPILATION_MODE = wholemodule;
				SWIFT_OPTIMIZATION_LEVEL = "-O";
				VALIDATE_PRODUCT = YES;
			};
			name = Release;
		};
		8734858F2902EF330058CDC6 /* Debug */ = {
			isa = XCBuildConfiguration;
			buildSettings = {
				ASSETCATALOG_COMPILER_APPICON_NAME = AppIcon;
				ASSETCATALOG_COMPILER_GLOBAL_ACCENT_COLOR_NAME = AccentColor;
				CODE_SIGN_STYLE = Automatic;
				CURRENT_PROJECT_VERSION = 1;
				DEVELOPMENT_ASSET_PATHS = "\"Touchdown/Preview Content\"";
				DEVELOPMENT_TEAM = DD444593MH;
				ENABLE_PREVIEWS = YES;
				GENERATE_INFOPLIST_FILE = YES;
				INFOPLIST_FILE = Touchdown/Info.plist;
				INFOPLIST_KEY_UIApplicationSceneManifest_Generation = YES;
				INFOPLIST_KEY_UIApplicationSupportsIndirectInputEvents = YES;
				INFOPLIST_KEY_UISupportedInterfaceOrientations = UIInterfaceOrientationPortrait;
				INFOPLIST_KEY_UIUserInterfaceStyle = Light;
				IPHONEOS_DEPLOYMENT_TARGET = 15.0;
				LD_RUNPATH_SEARCH_PATHS = (
					"$(inherited)",
					"@executable_path/Frameworks",
				);
				MARKETING_VERSION = 1.0;
				PRODUCT_BUNDLE_IDENTIFIER = com.kabok.SwiftUI.Touchdown;
				PRODUCT_NAME = "$(TARGET_NAME)";
				SWIFT_EMIT_LOC_STRINGS = YES;
				SWIFT_VERSION = 5.0;
				TARGETED_DEVICE_FAMILY = "1,2";
			};
			name = Debug;
		};
		873485902902EF330058CDC6 /* Release */ = {
			isa = XCBuildConfiguration;
			buildSettings = {
				ASSETCATALOG_COMPILER_APPICON_NAME = AppIcon;
				ASSETCATALOG_COMPILER_GLOBAL_ACCENT_COLOR_NAME = AccentColor;
				CODE_SIGN_STYLE = Automatic;
				CURRENT_PROJECT_VERSION = 1;
				DEVELOPMENT_ASSET_PATHS = "\"Touchdown/Preview Content\"";
				DEVELOPMENT_TEAM = DD444593MH;
				ENABLE_PREVIEWS = YES;
				GENERATE_INFOPLIST_FILE = YES;
				INFOPLIST_FILE = Touchdown/Info.plist;
				INFOPLIST_KEY_UIApplicationSceneManifest_Generation = YES;
				INFOPLIST_KEY_UIApplicationSupportsIndirectInputEvents = YES;
				INFOPLIST_KEY_UISupportedInterfaceOrientations = UIInterfaceOrientationPortrait;
				INFOPLIST_KEY_UIUserInterfaceStyle = Light;
				IPHONEOS_DEPLOYMENT_TARGET = 15.0;
				LD_RUNPATH_SEARCH_PATHS = (
					"$(inherited)",
					"@executable_path/Frameworks",
				);
				MARKETING_VERSION = 1.0;
				PRODUCT_BUNDLE_IDENTIFIER = com.kabok.SwiftUI.Touchdown;
				PRODUCT_NAME = "$(TARGET_NAME)";
				SWIFT_EMIT_LOC_STRINGS = YES;
				SWIFT_VERSION = 5.0;
				TARGETED_DEVICE_FAMILY = "1,2";
			};
			name = Release;
		};
/* End XCBuildConfiguration section */

/* Begin XCConfigurationList section */
		8734857B2902EF310058CDC6 /* Build configuration list for PBXProject "Touchdown" */ = {
			isa = XCConfigurationList;
			buildConfigurations = (
				8734858C2902EF330058CDC6 /* Debug */,
				8734858D2902EF330058CDC6 /* Release */,
			);
			defaultConfigurationIsVisible = 0;
			defaultConfigurationName = Release;
		};
		8734858E2902EF330058CDC6 /* Build configuration list for PBXNativeTarget "Touchdown" */ = {
			isa = XCConfigurationList;
			buildConfigurations = (
				8734858F2902EF330058CDC6 /* Debug */,
				873485902902EF330058CDC6 /* Release */,
			);
			defaultConfigurationIsVisible = 0;
			defaultConfigurationName = Release;
		};
/* End XCConfigurationList section */
	};
	rootObject = 873485782902EF310058CDC6 /* Project object */;
}
