// !$*UTF8*$!
{
	archiveVersion = 1;
	classes = {
	};
	objectVersion = 55;
	objects = {

/* Begin PBXBuildFile section */
		89399E0E2861F39F00B7897C /* CircleViewGroup.swift in Sources */ = {isa = PBXBuildFile; fileRef = 89399E0D2861F39F00B7897C /* CircleViewGroup.swift */; };
		8944F3B92863681F003952EA /* AudioPlayer.swift in Sources */ = {isa = PBXBuildFile; fileRef = 8944F3B82863681F003952EA /* AudioPlayer.swift */; };
		89ABDEF5285CAD930087CDBF /* OnboardingView.swift in Sources */ = {isa = PBXBuildFile; fileRef = 89ABDEF4285CAD930087CDBF /* OnboardingView.swift */; };
		89ABDEF7285CAD9D0087CDBF /* HomeView.swift in Sources */ = {isa = PBXBuildFile; fileRef = 89ABDEF6285CAD9D0087CDBF /* HomeView.swift */; };
		89E24BCA285C87E300AA64DE /* RestartApp.swift in Sources */ = {isa = PBXBuildFile; fileRef = 89E24BC9285C87E300AA64DE /* RestartApp.swift */; };
		89E24BCC285C87E300AA64DE /* ContentView.swift in Sources */ = {isa = PBXBuildFile; fileRef = 89E24BCB285C87E300AA64DE /* ContentView.swift */; };
		89E24BCE285C87E400AA64DE /* Assets.xcassets in Resources */ = {isa = PBXBuildFile; fileRef = 89E24BCD285C87E400AA64DE /* Assets.xcassets */; };
		89E24BD1285C87E400AA64DE /* Preview Assets.xcassets in Resources */ = {isa = PBXBuildFile; fileRef = 89E24BD0285C87E400AA64DE /* Preview Assets.xcassets */; };
		89E24BE1285C896000AA64DE /* chimeup.mp3 in Resources */ = {isa = PBXBuildFile; fileRef = 89E24BDF285C896000AA64DE /* chimeup.mp3 */; };
		89E24BE2285C896000AA64DE /* success.m4a in Resources */ = {isa = PBXBuildFile; fileRef = 89E24BE0285C896000AA64DE /* success.m4a */; };
/* End PBXBuildFile section */

/* Begin PBXFileReference section */
		89399E0D2861F39F00B7897C /* CircleViewGroup.swift */ = {isa = PBXFileReference; lastKnownFileType = sourcecode.swift; path = CircleViewGroup.swift; sourceTree = "<group>"; };
		8944F3B82863681F003952EA /* AudioPlayer.swift */ = {isa = PBXFileReference; lastKnownFileType = sourcecode.swift; path = AudioPlayer.swift; sourceTree = "<group>"; };
		89ABDEEF285CA9B00087CDBF /* Info.plist */ = {isa = PBXFileReference; lastKnownFileType = text.plist; path = Info.plist; sourceTree = "<group>"; };
		89ABDEF4285CAD930087CDBF /* OnboardingView.swift */ = {isa = PBXFileReference; lastKnownFileType = sourcecode.swift; path = OnboardingView.swift; sourceTree = "<group>"; };
		89ABDEF6285CAD9D0087CDBF /* HomeView.swift */ = {isa = PBXFileReference; lastKnownFileType = sourcecode.swift; path = HomeView.swift; sourceTree = "<group>"; };
		89E24BC6285C87E300AA64DE /* Restart.app */ = {isa = PBXFileReference; explicitFileType = wrapper.application; includeInIndex = 0; path = Restart.app; sourceTree = BUILT_PRODUCTS_DIR; };
		89E24BC9285C87E300AA64DE /* RestartApp.swift */ = {isa = PBXFileReference; lastKnownFileType = sourcecode.swift; path = RestartApp.swift; sourceTree = "<group>"; };
		89E24BCB285C87E300AA64DE /* ContentView.swift */ = {isa = PBXFileReference; lastKnownFileType = sourcecode.swift; path = ContentView.swift; sourceTree = "<group>"; };
		89E24BCD285C87E400AA64DE /* Assets.xcassets */ = {isa = PBXFileReference; lastKnownFileType = folder.assetcatalog; path = Assets.xcassets; sourceTree = "<group>"; };
		89E24BD0285C87E400AA64DE /* Preview Assets.xcassets */ = {isa = PBXFileReference; lastKnownFileType = folder.assetcatalog; path = "Preview Assets.xcassets"; sourceTree = "<group>"; };
		89E24BDF285C896000AA64DE /* chimeup.mp3 */ = {isa = PBXFileReference; lastKnownFileType = audio.mp3; path = chimeup.mp3; sourceTree = "<group>"; };
		89E24BE0285C896000AA64DE /* success.m4a */ = {isa = PBXFileReference; lastKnownFileType = file; path = success.m4a; sourceTree = "<group>"; };
/* End PBXFileReference section */

/* Begin PBXFrameworksBuildPhase section */
		89E24BC3285C87E300AA64DE /* Frameworks */ = {
			isa = PBXFrameworksBuildPhase;
			buildActionMask = 2147483647;
			files = (
			);
			runOnlyForDeploymentPostprocessing = 0;
		};
/* End PBXFrameworksBuildPhase section */

/* Begin PBXGroup section */
		89ABDEEB285CA3820087CDBF /* Sounds */ = {
			isa = PBXGroup;
			children = (
				89E24BDF285C896000AA64DE /* chimeup.mp3 */,
				89E24BE0285C896000AA64DE /* success.m4a */,
			);
			path = Sounds;
			sourceTree = "<group>";
		};
		89ABDEEC285CA4CC0087CDBF /* Screens */ = {
			isa = PBXGroup;
			children = (
				89E24BCB285C87E300AA64DE /* ContentView.swift */,
				89ABDEF4285CAD930087CDBF /* OnboardingView.swift */,
				89ABDEF6285CAD9D0087CDBF /* HomeView.swift */,
			);
			path = Screens;
			sourceTree = "<group>";
		};
		89ABDEED285CA4DB0087CDBF /* Views */ = {
			isa = PBXGroup;
			children = (
				89399E0D2861F39F00B7897C /* CircleViewGroup.swift */,
			);
			path = Views;
			sourceTree = "<group>";
		};
		89ABDEEE285CA5170087CDBF /* Utilities */ = {
			isa = PBXGroup;
			children = (
				8944F3B82863681F003952EA /* AudioPlayer.swift */,
			);
			path = Utilities;
			sourceTree = "<group>";
		};
		89E24BBD285C87E300AA64DE = {
			isa = PBXGroup;
			children = (
				89E24BC8285C87E300AA64DE /* Restart */,
				89E24BC7285C87E300AA64DE /* Products */,
			);
			sourceTree = "<group>";
		};
		89E24BC7285C87E300AA64DE /* Products */ = {
			isa = PBXGroup;
			children = (
				89E24BC6285C87E300AA64DE /* Restart.app */,
			);
			name = Products;
			sourceTree = "<group>";
		};
		89E24BC8285C87E300AA64DE /* Restart */ = {
			isa = PBXGroup;
			children = (
				89ABDEEE285CA5170087CDBF /* Utilities */,
				89ABDEED285CA4DB0087CDBF /* Views */,
				89ABDEEB285CA3820087CDBF /* Sounds */,
				89ABDEEC285CA4CC0087CDBF /* Screens */,
				89E24BC9285C87E300AA64DE /* RestartApp.swift */,
				89E24BCD285C87E400AA64DE /* Assets.xcassets */,
				89ABDEEF285CA9B00087CDBF /* Info.plist */,
				89E24BCF285C87E400AA64DE /* Preview Content */,
			);
			path = Restart;
			sourceTree = "<group>";
		};
		89E24BCF285C87E400AA64DE /* Preview Content */ = {
			isa = PBXGroup;
			children = (
				89E24BD0285C87E400AA64DE /* Preview Assets.xcassets */,
			);
			path = "Preview Content";
			sourceTree = "<group>";
		};
/* End PBXGroup section */

/* Begin PBXNativeTarget section */
		89E24BC5285C87E300AA64DE /* Restart */ = {
			isa = PBXNativeTarget;
			buildConfigurationList = 89E24BD4285C87E400AA64DE /* Build configuration list for PBXNativeTarget "Restart" */;
			buildPhases = (
				89E24BC2285C87E300AA64DE /* Sources */,
				89E24BC3285C87E300AA64DE /* Frameworks */,
				89E24BC4285C87E300AA64DE /* Resources */,
			);
			buildRules = (
			);
			dependencies = (
			);
			name = Restart;
			productName = Restart;
			productReference = 89E24BC6285C87E300AA64DE /* Restart.app */;
			productType = "com.apple.product-type.application";
		};
/* End PBXNativeTarget section */

/* Begin PBXProject section */
		89E24BBE285C87E300AA64DE /* Project object */ = {
			isa = PBXProject;
			attributes = {
				BuildIndependentTargetsInParallel = 1;
				LastSwiftUpdateCheck = 1340;
				LastUpgradeCheck = 1340;
				TargetAttributes = {
					89E24BC5285C87E300AA64DE = {
						CreatedOnToolsVersion = 13.4.1;
					};
				};
			};
			buildConfigurationList = 89E24BC1285C87E300AA64DE /* Build configuration list for PBXProject "Restart" */;
			compatibilityVersion = "Xcode 13.0";
			developmentRegion = en;
			hasScannedForEncodings = 0;
			knownRegions = (
				en,
				Base,
			);
			mainGroup = 89E24BBD285C87E300AA64DE;
			productRefGroup = 89E24BC7285C87E300AA64DE /* Products */;
			projectDirPath = "";
			projectRoot = "";
			targets = (
				89E24BC5285C87E300AA64DE /* Restart */,
			);
		};
/* End PBXProject section */

/* Begin PBXResourcesBuildPhase section */
		89E24BC4285C87E300AA64DE /* Resources */ = {
			isa = PBXResourcesBuildPhase;
			buildActionMask = 2147483647;
			files = (
				89E24BE2285C896000AA64DE /* success.m4a in Resources */,
				89E24BE1285C896000AA64DE /* chimeup.mp3 in Resources */,
				89E24BD1285C87E400AA64DE /* Preview Assets.xcassets in Resources */,
				89E24BCE285C87E400AA64DE /* Assets.xcassets in Resources */,
			);
			runOnlyForDeploymentPostprocessing = 0;
		};
/* End PBXResourcesBuildPhase section */

/* Begin PBXSourcesBuildPhase section */
		89E24BC2285C87E300AA64DE /* Sources */ = {
			isa = PBXSourcesBuildPhase;
			buildActionMask = 2147483647;
			files = (
				89ABDEF5285CAD930087CDBF /* OnboardingView.swift in Sources */,
				89399E0E2861F39F00B7897C /* CircleViewGroup.swift in Sources */,
				89ABDEF7285CAD9D0087CDBF /* HomeView.swift in Sources */,
				89E24BCC285C87E300AA64DE /* ContentView.swift in Sources */,
				89E24BCA285C87E300AA64DE /* RestartApp.swift in Sources */,
				8944F3B92863681F003952EA /* AudioPlayer.swift in Sources */,
			);
			runOnlyForDeploymentPostprocessing = 0;
		};
/* End PBXSourcesBuildPhase section */

/* Begin XCBuildConfiguration section */
		89E24BD2285C87E400AA64DE /* Debug */ = {
			isa = XCBuildConfiguration;
			buildSettings = {
				ALWAYS_SEARCH_USER_PATHS = NO;
				CLANG_ANALYZER_NONNULL = YES;
				CLANG_ANALYZER_NUMBER_OBJECT_CONVERSION = YES_AGGRESSIVE;
				CLANG_CXX_LANGUAGE_STANDARD = "gnu++17";
				CLANG_ENABLE_MODULES = YES;
				CLANG_ENABLE_OBJC_ARC = YES;
				CLANG_ENABLE_OBJC_WEAK = YES;
				CLANG_WARN_BLOCK_CAPTURE_AUTORELEASING = YES;
				CLANG_WARN_BOOL_CONVERSION = YES;
				CLANG_WARN_COMMA = YES;
				CLANG_WARN_CONSTANT_CONVERSION = YES;
				CLANG_WARN_DEPRECATED_OBJC_IMPLEMENTATIONS = YES;
				CLANG_WARN_DIRECT_OBJC_ISA_USAGE = YES_ERROR;
				CLANG_WARN_DOCUMENTATION_COMMENTS = YES;
				CLANG_WARN_EMPTY_BODY = YES;
				CLANG_WARN_ENUM_CONVERSION = YES;
				CLANG_WARN_INFINITE_RECURSION = YES;
				CLANG_WARN_INT_CONVERSION = YES;
				CLANG_WARN_NON_LITERAL_NULL_CONVERSION = YES;
				CLANG_WARN_OBJC_IMPLICIT_RETAIN_SELF = YES;
				CLANG_WARN_OBJC_LITERAL_CONVERSION = YES;
				CLANG_WARN_OBJC_ROOT_CLASS = YES_ERROR;
				CLANG_WARN_QUOTED_INCLUDE_IN_FRAMEWORK_HEADER = YES;
				CLANG_WARN_RANGE_LOOP_ANALYSIS = YES;
				CLANG_WARN_STRICT_PROTOTYPES = YES;
				CLANG_WARN_SUSPICIOUS_MOVE = YES;
				CLANG_WARN_UNGUARDED_AVAILABILITY = YES_AGGRESSIVE;
				CLANG_WARN_UNREACHABLE_CODE = YES;
				CLANG_WARN__DUPLICATE_METHOD_MATCH = YES;
				COPY_PHASE_STRIP = NO;
				DEBUG_INFORMATION_FORMAT = dwarf;
				ENABLE_STRICT_OBJC_MSGSEND = YES;
				ENABLE_TESTABILITY = YES;
				GCC_C_LANGUAGE_STANDARD = gnu11;
				GCC_DYNAMIC_NO_PIC = NO;
				GCC_NO_COMMON_BLOCKS = YES;
				GCC_OPTIMIZATION_LEVEL = 0;
				GCC_PREPROCESSOR_DEFINITIONS = (
					"DEBUG=1",
					"$(inherited)",
				);
				GCC_WARN_64_TO_32_BIT_CONVERSION = YES;
				GCC_WARN_ABOUT_RETURN_TYPE = YES_ERROR;
				GCC_WARN_UNDECLARED_SELECTOR = YES;
				GCC_WARN_UNINITIALIZED_AUTOS = YES_AGGRESSIVE;
				GCC_WARN_UNUSED_FUNCTION = YES;
				GCC_WARN_UNUSED_VARIABLE = YES;
				IPHONEOS_DEPLOYMENT_TARGET = 15.5;
				MTL_ENABLE_DEBUG_INFO = INCLUDE_SOURCE;
				MTL_FAST_MATH = YES;
				ONLY_ACTIVE_ARCH = YES;
				SDKROOT = iphoneos;
				SWIFT_ACTIVE_COMPILATION_CONDITIONS = DEBUG;
				SWIFT_OPTIMIZATION_LEVEL = "-Onone";
			};
			name = Debug;
		};
		89E24BD3285C87E400AA64DE /* Release */ = {
			isa = XCBuildConfiguration;
			buildSettings = {
				ALWAYS_SEARCH_USER_PATHS = NO;
				CLANG_ANALYZER_NONNULL = YES;
				CLANG_ANALYZER_NUMBER_OBJECT_CONVERSION = YES_AGGRESSIVE;
				CLANG_CXX_LANGUAGE_STANDARD = "gnu++17";
				CLANG_ENABLE_MODULES = YES;
				CLANG_ENABLE_OBJC_ARC = YES;
				CLANG_ENABLE_OBJC_WEAK = YES;
				CLANG_WARN_BLOCK_CAPTURE_AUTORELEASING = YES;
				CLANG_WARN_BOOL_CONVERSION = YES;
				CLANG_WARN_COMMA = YES;
				CLANG_WARN_CONSTANT_CONVERSION = YES;
				CLANG_WARN_DEPRECATED_OBJC_IMPLEMENTATIONS = YES;
				CLANG_WARN_DIRECT_OBJC_ISA_USAGE = YES_ERROR;
				CLANG_WARN_DOCUMENTATION_COMMENTS = YES;
				CLANG_WARN_EMPTY_BODY = YES;
				CLANG_WARN_ENUM_CONVERSION = YES;
				CLANG_WARN_INFINITE_RECURSION = YES;
				CLANG_WARN_INT_CONVERSION = YES;
				CLANG_WARN_NON_LITERAL_NULL_CONVERSION = YES;
				CLANG_WARN_OBJC_IMPLICIT_RETAIN_SELF = YES;
				CLANG_WARN_OBJC_LITERAL_CONVERSION = YES;
				CLANG_WARN_OBJC_ROOT_CLASS = YES_ERROR;
				CLANG_WARN_QUOTED_INCLUDE_IN_FRAMEWORK_HEADER = YES;
				CLANG_WARN_RANGE_LOOP_ANALYSIS = YES;
				CLANG_WARN_STRICT_PROTOTYPES = YES;
				CLANG_WARN_SUSPICIOUS_MOVE = YES;
				CLANG_WARN_UNGUARDED_AVAILABILITY = YES_AGGRESSIVE;
				CLANG_WARN_UNREACHABLE_CODE = YES;
				CLANG_WARN__DUPLICATE_METHOD_MATCH = YES;
				COPY_PHASE_STRIP = NO;
				DEBUG_INFORMATION_FORMAT = "dwarf-with-dsym";
				ENABLE_NS_ASSERTIONS = NO;
				ENABLE_STRICT_OBJC_MSGSEND = YES;
				GCC_C_LANGUAGE_STANDARD = gnu11;
				GCC_NO_COMMON_BLOCKS = YES;
				GCC_WARN_64_TO_32_BIT_CONVERSION = YES;
				GCC_WARN_ABOUT_RETURN_TYPE = YES_ERROR;
				GCC_WARN_UNDECLARED_SELECTOR = YES;
				GCC_WARN_UNINITIALIZED_AUTOS = YES_AGGRESSIVE;
				GCC_WARN_UNUSED_FUNCTION = YES;
				GCC_WARN_UNUSED_VARIABLE = YES;
				IPHONEOS_DEPLOYMENT_TARGET = 15.5;
				MTL_ENABLE_DEBUG_INFO = NO;
				MTL_FAST_MATH = YES;
				SDKROOT = iphoneos;
				SWIFT_COMPILATION_MODE = wholemodule;
				SWIFT_OPTIMIZATION_LEVEL = "-O";
				VALIDATE_PRODUCT = YES;
			};
			name = Release;
		};
		89E24BD5285C87E400AA64DE /* Debug */ = {
			isa = XCBuildConfiguration;
			buildSettings = {
				ASSETCATALOG_COMPILER_APPICON_NAME = AppIcon;
				ASSETCATALOG_COMPILER_GLOBAL_ACCENT_COLOR_NAME = AccentColor;
				CODE_SIGN_STYLE = Automatic;
				CURRENT_PROJECT_VERSION = 1;
				DEVELOPMENT_ASSET_PATHS = "\"Restart/Preview Content\"";
				DEVELOPMENT_TEAM = 5GB4GGS54M;
				ENABLE_PREVIEWS = YES;
				GENERATE_INFOPLIST_FILE = YES;
				INFOPLIST_FILE = Restart/Info.plist;
				INFOPLIST_KEY_UIApplicationSceneManifest_Generation = YES;
				INFOPLIST_KEY_UIApplicationSupportsIndirectInputEvents = YES;
				INFOPLIST_KEY_UISupportedInterfaceOrientations = UIInterfaceOrientationPortrait;
				INFOPLIST_KEY_UISupportedInterfaceOrientations_iPad = "UIInterfaceOrientationPortrait UIInterfaceOrientationPortraitUpsideDown UIInterfaceOrientationLandscapeLeft UIInterfaceOrientationLandscapeRight";
				INFOPLIST_KEY_UISupportedInterfaceOrientations_iPhone = UIInterfaceOrientationPortrait;
				IPHONEOS_DEPLOYMENT_TARGET = 15.0;
				LD_RUNPATH_SEARCH_PATHS = (
					"$(inherited)",
					"@executable_path/Frameworks",
				);
				MARKETING_VERSION = 1.0;
				PRODUCT_BUNDLE_IDENTIFIER = kabok.Restart;
				PRODUCT_NAME = "$(TARGET_NAME)";
				SWIFT_EMIT_LOC_STRINGS = YES;
				SWIFT_VERSION = 5.0;
				TARGETED_DEVICE_FAMILY = "1,2";
			};
			name = Debug;
		};
		89E24BD6285C87E400AA64DE /* Release */ = {
			isa = XCBuildConfiguration;
			buildSettings = {
				ASSETCATALOG_COMPILER_APPICON_NAME = AppIcon;
				ASSETCATALOG_COMPILER_GLOBAL_ACCENT_COLOR_NAME = AccentColor;
				CODE_SIGN_STYLE = Automatic;
				CURRENT_PROJECT_VERSION = 1;
				DEVELOPMENT_ASSET_PATHS = "\"Restart/Preview Content\"";
				DEVELOPMENT_TEAM = 5GB4GGS54M;
				ENABLE_PREVIEWS = YES;
				GENERATE_INFOPLIST_FILE = YES;
				INFOPLIST_FILE = Restart/Info.plist;
				INFOPLIST_KEY_UIApplicationSceneManifest_Generation = YES;
				INFOPLIST_KEY_UIApplicationSupportsIndirectInputEvents = YES;
				INFOPLIST_KEY_UISupportedInterfaceOrientations = UIInterfaceOrientationPortrait;
				INFOPLIST_KEY_UISupportedInterfaceOrientations_iPad = "UIInterfaceOrientationPortrait UIInterfaceOrientationPortraitUpsideDown UIInterfaceOrientationLandscapeLeft UIInterfaceOrientationLandscapeRight";
				INFOPLIST_KEY_UISupportedInterfaceOrientations_iPhone = UIInterfaceOrientationPortrait;
				IPHONEOS_DEPLOYMENT_TARGET = 15.0;
				LD_RUNPATH_SEARCH_PATHS = (
					"$(inherited)",
					"@executable_path/Frameworks",
				);
				MARKETING_VERSION = 1.0;
				PRODUCT_BUNDLE_IDENTIFIER = kabok.Restart;
				PRODUCT_NAME = "$(TARGET_NAME)";
				SWIFT_EMIT_LOC_STRINGS = YES;
				SWIFT_VERSION = 5.0;
				TARGETED_DEVICE_FAMILY = "1,2";
			};
			name = Release;
		};
/* End XCBuildConfiguration section */

/* Begin XCConfigurationList section */
		89E24BC1285C87E300AA64DE /* Build configuration list for PBXProject "Restart" */ = {
			isa = XCConfigurationList;
			buildConfigurations = (
				89E24BD2285C87E400AA64DE /* Debug */,
				89E24BD3285C87E400AA64DE /* Release */,
			);
			defaultConfigurationIsVisible = 0;
			defaultConfigurationName = Release;
		};
		89E24BD4285C87E400AA64DE /* Build configuration list for PBXNativeTarget "Restart" */ = {
			isa = XCConfigurationList;
			buildConfigurations = (
				89E24BD5285C87E400AA64DE /* Debug */,
				89E24BD6285C87E400AA64DE /* Release */,
			);
			defaultConfigurationIsVisible = 0;
			defaultConfigurationName = Release;
		};
/* End XCConfigurationList section */
	};
	rootObject = 89E24BBE285C87E300AA64DE /* Project object */;
}
