// !$*UTF8*$!
{
	archiveVersion = 1;
	classes = {
	};
	objectVersion = 55;
	objects = {

/* Begin PBXBuildFile section */
		8769868828F058C90057D9BF /* VideoListView.swift in Sources */ = {isa = PBXBuildFile; fileRef = 8769868728F058C90057D9BF /* VideoListView.swift */; };
		8769868A28F058E60057D9BF /* MapView.swift in Sources */ = {isa = PBXBuildFile; fileRef = 8769868928F058E60057D9BF /* MapView.swift */; };
		8769868C28F058F80057D9BF /* GalleryView.swift in Sources */ = {isa = PBXBuildFile; fileRef = 8769868B28F058F80057D9BF /* GalleryView.swift */; };
		8769868E28F059290057D9BF /* MainView.swift in Sources */ = {isa = PBXBuildFile; fileRef = 8769868D28F059290057D9BF /* MainView.swift */; };
		8769869328F05C2D0057D9BF /* CoverImageView.swift in Sources */ = {isa = PBXBuildFile; fileRef = 8769869228F05C2D0057D9BF /* CoverImageView.swift */; };
		8769869628F0641B0057D9BF /* CoverImageModel.swift in Sources */ = {isa = PBXBuildFile; fileRef = 8769869528F0641B0057D9BF /* CoverImageModel.swift */; };
		8769869928F0652C0057D9BF /* Bundle+decode.swift in Sources */ = {isa = PBXBuildFile; fileRef = 8769869828F0652C0057D9BF /* Bundle+decode.swift */; };
		8769869D28F06BEC0057D9BF /* AnimalListItemView.swift in Sources */ = {isa = PBXBuildFile; fileRef = 8769869C28F06BEC0057D9BF /* AnimalListItemView.swift */; };
		8769869F28F06E520057D9BF /* Animal.swift in Sources */ = {isa = PBXBuildFile; fileRef = 8769869E28F06E520057D9BF /* Animal.swift */; };
		876986A128F07E430057D9BF /* AnimalDetailView.swift in Sources */ = {isa = PBXBuildFile; fileRef = 876986A028F07E430057D9BF /* AnimalDetailView.swift */; };
		876986A328F0815E0057D9BF /* HeadingView.swift in Sources */ = {isa = PBXBuildFile; fileRef = 876986A228F0815E0057D9BF /* HeadingView.swift */; };
		876986A528F0831D0057D9BF /* InsetGalleryView.swift in Sources */ = {isa = PBXBuildFile; fileRef = 876986A428F0831D0057D9BF /* InsetGalleryView.swift */; };
		876986A828F08E4D0057D9BF /* InsetFactView.swift in Sources */ = {isa = PBXBuildFile; fileRef = 876986A728F08E4D0057D9BF /* InsetFactView.swift */; };
		8770043C28E73D950077567D /* AfricaApp.swift in Sources */ = {isa = PBXBuildFile; fileRef = 8770043B28E73D950077567D /* AfricaApp.swift */; };
		8770043E28E73D950077567D /* ContentView.swift in Sources */ = {isa = PBXBuildFile; fileRef = 8770043D28E73D950077567D /* ContentView.swift */; };
		8770044028E73D980077567D /* Assets.xcassets in Resources */ = {isa = PBXBuildFile; fileRef = 8770043F28E73D980077567D /* Assets.xcassets */; };
		8770044328E73D980077567D /* Preview Assets.xcassets in Resources */ = {isa = PBXBuildFile; fileRef = 8770044228E73D980077567D /* Preview Assets.xcassets */; };
		879A826828F6F6E100D3ACB2 /* InsetMapView.swift in Sources */ = {isa = PBXBuildFile; fileRef = 879A826728F6F6E100D3ACB2 /* InsetMapView.swift */; };
		87D79FCB28E74399006CB65E /* rhino.mp4 in Resources */ = {isa = PBXBuildFile; fileRef = 87D79FC128E74395006CB65E /* rhino.mp4 */; };
		87D79FCC28E74399006CB65E /* zebra.mp4 in Resources */ = {isa = PBXBuildFile; fileRef = 87D79FC228E74395006CB65E /* zebra.mp4 */; };
		87D79FCD28E74399006CB65E /* cheetah.mp4 in Resources */ = {isa = PBXBuildFile; fileRef = 87D79FC328E74396006CB65E /* cheetah.mp4 */; };
		87D79FCE28E74399006CB65E /* elephant.mp4 in Resources */ = {isa = PBXBuildFile; fileRef = 87D79FC428E74396006CB65E /* elephant.mp4 */; };
		87D79FCF28E74399006CB65E /* giraffe.mp4 in Resources */ = {isa = PBXBuildFile; fileRef = 87D79FC528E74397006CB65E /* giraffe.mp4 */; };
		87D79FD028E74399006CB65E /* hippo.mp4 in Resources */ = {isa = PBXBuildFile; fileRef = 87D79FC628E74397006CB65E /* hippo.mp4 */; };
		87D79FD128E74399006CB65E /* lioness.mp4 in Resources */ = {isa = PBXBuildFile; fileRef = 87D79FC728E74398006CB65E /* lioness.mp4 */; };
		87D79FD228E74399006CB65E /* lion.mp4 in Resources */ = {isa = PBXBuildFile; fileRef = 87D79FC828E74398006CB65E /* lion.mp4 */; };
		87D79FD328E74399006CB65E /* ostrich.mp4 in Resources */ = {isa = PBXBuildFile; fileRef = 87D79FC928E74399006CB65E /* ostrich.mp4 */; };
		87D79FD428E74399006CB65E /* gorilla.mp4 in Resources */ = {isa = PBXBuildFile; fileRef = 87D79FCA28E74399006CB65E /* gorilla.mp4 */; };
		87D79FDA28E743D4006CB65E /* locations.json in Resources */ = {isa = PBXBuildFile; fileRef = 87D79FD628E743D4006CB65E /* locations.json */; };
		87D79FDB28E743D4006CB65E /* animals.json in Resources */ = {isa = PBXBuildFile; fileRef = 87D79FD728E743D4006CB65E /* animals.json */; };
		87D79FDC28E743D4006CB65E /* videos.json in Resources */ = {isa = PBXBuildFile; fileRef = 87D79FD828E743D4006CB65E /* videos.json */; };
		87D79FDD28E743D4006CB65E /* covers.json in Resources */ = {isa = PBXBuildFile; fileRef = 87D79FD928E743D4006CB65E /* covers.json */; };
/* End PBXBuildFile section */

/* Begin PBXFileReference section */
		8769868728F058C90057D9BF /* VideoListView.swift */ = {isa = PBXFileReference; lastKnownFileType = sourcecode.swift; path = VideoListView.swift; sourceTree = "<group>"; };
		8769868928F058E60057D9BF /* MapView.swift */ = {isa = PBXFileReference; lastKnownFileType = sourcecode.swift; path = MapView.swift; sourceTree = "<group>"; };
		8769868B28F058F80057D9BF /* GalleryView.swift */ = {isa = PBXFileReference; lastKnownFileType = sourcecode.swift; path = GalleryView.swift; sourceTree = "<group>"; };
		8769868D28F059290057D9BF /* MainView.swift */ = {isa = PBXFileReference; lastKnownFileType = sourcecode.swift; path = MainView.swift; sourceTree = "<group>"; };
		8769869228F05C2D0057D9BF /* CoverImageView.swift */ = {isa = PBXFileReference; lastKnownFileType = sourcecode.swift; path = CoverImageView.swift; sourceTree = "<group>"; };
		8769869528F0641B0057D9BF /* CoverImageModel.swift */ = {isa = PBXFileReference; lastKnownFileType = sourcecode.swift; path = CoverImageModel.swift; sourceTree = "<group>"; };
		8769869828F0652C0057D9BF /* Bundle+decode.swift */ = {isa = PBXFileReference; lastKnownFileType = sourcecode.swift; path = "Bundle+decode.swift"; sourceTree = "<group>"; };
		8769869C28F06BEC0057D9BF /* AnimalListItemView.swift */ = {isa = PBXFileReference; lastKnownFileType = sourcecode.swift; path = AnimalListItemView.swift; sourceTree = "<group>"; };
		8769869E28F06E520057D9BF /* Animal.swift */ = {isa = PBXFileReference; lastKnownFileType = sourcecode.swift; name = Animal.swift; path = Africa/Model/Animal.swift; sourceTree = SOURCE_ROOT; };
		876986A028F07E430057D9BF /* AnimalDetailView.swift */ = {isa = PBXFileReference; lastKnownFileType = sourcecode.swift; path = AnimalDetailView.swift; sourceTree = "<group>"; };
		876986A228F0815E0057D9BF /* HeadingView.swift */ = {isa = PBXFileReference; lastKnownFileType = sourcecode.swift; path = HeadingView.swift; sourceTree = "<group>"; };
		876986A428F0831D0057D9BF /* InsetGalleryView.swift */ = {isa = PBXFileReference; lastKnownFileType = sourcecode.swift; path = InsetGalleryView.swift; sourceTree = "<group>"; };
		876986A728F08E4D0057D9BF /* InsetFactView.swift */ = {isa = PBXFileReference; lastKnownFileType = sourcecode.swift; path = InsetFactView.swift; sourceTree = "<group>"; };
		8770043828E73D950077567D /* Africa.app */ = {isa = PBXFileReference; explicitFileType = wrapper.application; includeInIndex = 0; path = Africa.app; sourceTree = BUILT_PRODUCTS_DIR; };
		8770043B28E73D950077567D /* AfricaApp.swift */ = {isa = PBXFileReference; lastKnownFileType = sourcecode.swift; path = AfricaApp.swift; sourceTree = "<group>"; };
		8770043D28E73D950077567D /* ContentView.swift */ = {isa = PBXFileReference; lastKnownFileType = sourcecode.swift; path = ContentView.swift; sourceTree = "<group>"; };
		8770043F28E73D980077567D /* Assets.xcassets */ = {isa = PBXFileReference; lastKnownFileType = folder.assetcatalog; path = Assets.xcassets; sourceTree = "<group>"; };
		8770044228E73D980077567D /* Preview Assets.xcassets */ = {isa = PBXFileReference; lastKnownFileType = folder.assetcatalog; path = "Preview Assets.xcassets"; sourceTree = "<group>"; };
		879A826728F6F6E100D3ACB2 /* InsetMapView.swift */ = {isa = PBXFileReference; lastKnownFileType = sourcecode.swift; path = InsetMapView.swift; sourceTree = "<group>"; };
		87D79FC128E74395006CB65E /* rhino.mp4 */ = {isa = PBXFileReference; lastKnownFileType = file; path = rhino.mp4; sourceTree = "<group>"; };
		87D79FC228E74395006CB65E /* zebra.mp4 */ = {isa = PBXFileReference; lastKnownFileType = file; path = zebra.mp4; sourceTree = "<group>"; };
		87D79FC328E74396006CB65E /* cheetah.mp4 */ = {isa = PBXFileReference; lastKnownFileType = file; path = cheetah.mp4; sourceTree = "<group>"; };
		87D79FC428E74396006CB65E /* elephant.mp4 */ = {isa = PBXFileReference; lastKnownFileType = file; path = elephant.mp4; sourceTree = "<group>"; };
		87D79FC528E74397006CB65E /* giraffe.mp4 */ = {isa = PBXFileReference; lastKnownFileType = file; path = giraffe.mp4; sourceTree = "<group>"; };
		87D79FC628E74397006CB65E /* hippo.mp4 */ = {isa = PBXFileReference; lastKnownFileType = file; path = hippo.mp4; sourceTree = "<group>"; };
		87D79FC728E74398006CB65E /* lioness.mp4 */ = {isa = PBXFileReference; lastKnownFileType = file; path = lioness.mp4; sourceTree = "<group>"; };
		87D79FC828E74398006CB65E /* lion.mp4 */ = {isa = PBXFileReference; lastKnownFileType = file; path = lion.mp4; sourceTree = "<group>"; };
		87D79FC928E74399006CB65E /* ostrich.mp4 */ = {isa = PBXFileReference; lastKnownFileType = file; path = ostrich.mp4; sourceTree = "<group>"; };
		87D79FCA28E74399006CB65E /* gorilla.mp4 */ = {isa = PBXFileReference; lastKnownFileType = file; path = gorilla.mp4; sourceTree = "<group>"; };
		87D79FD628E743D4006CB65E /* locations.json */ = {isa = PBXFileReference; fileEncoding = 4; lastKnownFileType = text.json; path = locations.json; sourceTree = "<group>"; };
		87D79FD728E743D4006CB65E /* animals.json */ = {isa = PBXFileReference; fileEncoding = 4; lastKnownFileType = text.json; path = animals.json; sourceTree = "<group>"; };
		87D79FD828E743D4006CB65E /* videos.json */ = {isa = PBXFileReference; fileEncoding = 4; lastKnownFileType = text.json; path = videos.json; sourceTree = "<group>"; };
		87D79FD928E743D4006CB65E /* covers.json */ = {isa = PBXFileReference; fileEncoding = 4; lastKnownFileType = text.json; path = covers.json; sourceTree = "<group>"; };
/* End PBXFileReference section */

/* Begin PBXFrameworksBuildPhase section */
		8770043528E73D950077567D /* Frameworks */ = {
			isa = PBXFrameworksBuildPhase;
			buildActionMask = 2147483647;
			files = (
			);
			runOnlyForDeploymentPostprocessing = 0;
		};
/* End PBXFrameworksBuildPhase section */

/* Begin PBXGroup section */
		8769868628F058780057D9BF /* App */ = {
			isa = PBXGroup;
			children = (
				8770043B28E73D950077567D /* AfricaApp.swift */,
				8770043D28E73D950077567D /* ContentView.swift */,
				8769868D28F059290057D9BF /* MainView.swift */,
				8769868728F058C90057D9BF /* VideoListView.swift */,
				8769868928F058E60057D9BF /* MapView.swift */,
				8769868B28F058F80057D9BF /* GalleryView.swift */,
			);
			path = App;
			sourceTree = "<group>";
		};
		8769869128F05C1E0057D9BF /* View */ = {
			isa = PBXGroup;
			children = (
				8769869228F05C2D0057D9BF /* CoverImageView.swift */,
				8769869C28F06BEC0057D9BF /* AnimalListItemView.swift */,
				876986A628F08B5A0057D9BF /* AnimalDetailView */,
			);
			path = View;
			sourceTree = "<group>";
		};
		8769869428F0640A0057D9BF /* Model */ = {
			isa = PBXGroup;
			children = (
				8769869528F0641B0057D9BF /* CoverImageModel.swift */,
				8769869E28F06E520057D9BF /* Animal.swift */,
			);
			path = Model;
			sourceTree = "<group>";
		};
		8769869728F0651F0057D9BF /* Extension */ = {
			isa = PBXGroup;
			children = (
				8769869828F0652C0057D9BF /* Bundle+decode.swift */,
			);
			path = Extension;
			sourceTree = "<group>";
		};
		876986A628F08B5A0057D9BF /* AnimalDetailView */ = {
			isa = PBXGroup;
			children = (
				876986A028F07E430057D9BF /* AnimalDetailView.swift */,
				876986A228F0815E0057D9BF /* HeadingView.swift */,
				876986A428F0831D0057D9BF /* InsetGalleryView.swift */,
				876986A728F08E4D0057D9BF /* InsetFactView.swift */,
				879A826728F6F6E100D3ACB2 /* InsetMapView.swift */,
			);
			path = AnimalDetailView;
			sourceTree = "<group>";
		};
		8770042F28E73D950077567D = {
			isa = PBXGroup;
			children = (
				8770043A28E73D950077567D /* Africa */,
				8770043928E73D950077567D /* Products */,
			);
			sourceTree = "<group>";
		};
		8770043928E73D950077567D /* Products */ = {
			isa = PBXGroup;
			children = (
				8770043828E73D950077567D /* Africa.app */,
			);
			name = Products;
			sourceTree = "<group>";
		};
		8770043A28E73D950077567D /* Africa */ = {
			isa = PBXGroup;
			children = (
				8769868628F058780057D9BF /* App */,
				8769869428F0640A0057D9BF /* Model */,
				87D79FD528E743C2006CB65E /* Data */,
				8769869128F05C1E0057D9BF /* View */,
				8770043F28E73D980077567D /* Assets.xcassets */,
				87D79FC028E74369006CB65E /* Video */,
				8769869728F0651F0057D9BF /* Extension */,
				8770044128E73D980077567D /* Preview Content */,
			);
			path = Africa;
			sourceTree = "<group>";
		};
		8770044128E73D980077567D /* Preview Content */ = {
			isa = PBXGroup;
			children = (
				8770044228E73D980077567D /* Preview Assets.xcassets */,
			);
			path = "Preview Content";
			sourceTree = "<group>";
		};
		87D79FC028E74369006CB65E /* Video */ = {
			isa = PBXGroup;
			children = (
				87D79FC328E74396006CB65E /* cheetah.mp4 */,
				87D79FC428E74396006CB65E /* elephant.mp4 */,
				87D79FC528E74397006CB65E /* giraffe.mp4 */,
				87D79FCA28E74399006CB65E /* gorilla.mp4 */,
				87D79FC628E74397006CB65E /* hippo.mp4 */,
				87D79FC828E74398006CB65E /* lion.mp4 */,
				87D79FC728E74398006CB65E /* lioness.mp4 */,
				87D79FC928E74399006CB65E /* ostrich.mp4 */,
				87D79FC128E74395006CB65E /* rhino.mp4 */,
				87D79FC228E74395006CB65E /* zebra.mp4 */,
			);
			path = Video;
			sourceTree = "<group>";
		};
		87D79FD528E743C2006CB65E /* Data */ = {
			isa = PBXGroup;
			children = (
				87D79FD728E743D4006CB65E /* animals.json */,
				87D79FD928E743D4006CB65E /* covers.json */,
				87D79FD628E743D4006CB65E /* locations.json */,
				87D79FD828E743D4006CB65E /* videos.json */,
			);
			path = Data;
			sourceTree = "<group>";
		};
/* End PBXGroup section */

/* Begin PBXNativeTarget section */
		8770043728E73D950077567D /* Africa */ = {
			isa = PBXNativeTarget;
			buildConfigurationList = 8770044628E73D980077567D /* Build configuration list for PBXNativeTarget "Africa" */;
			buildPhases = (
				8770043428E73D950077567D /* Sources */,
				8770043528E73D950077567D /* Frameworks */,
				8770043628E73D950077567D /* Resources */,
			);
			buildRules = (
			);
			dependencies = (
			);
			name = Africa;
			productName = Africa;
			productReference = 8770043828E73D950077567D /* Africa.app */;
			productType = "com.apple.product-type.application";
		};
/* End PBXNativeTarget section */

/* Begin PBXProject section */
		8770043028E73D950077567D /* Project object */ = {
			isa = PBXProject;
			attributes = {
				BuildIndependentTargetsInParallel = 1;
				LastSwiftUpdateCheck = 1340;
				LastUpgradeCheck = 1340;
				TargetAttributes = {
					8770043728E73D950077567D = {
						CreatedOnToolsVersion = 13.4.1;
					};
				};
			};
			buildConfigurationList = 8770043328E73D950077567D /* Build configuration list for PBXProject "Africa" */;
			compatibilityVersion = "Xcode 13.0";
			developmentRegion = en;
			hasScannedForEncodings = 0;
			knownRegions = (
				en,
				Base,
			);
			mainGroup = 8770042F28E73D950077567D;
			productRefGroup = 8770043928E73D950077567D /* Products */;
			projectDirPath = "";
			projectRoot = "";
			targets = (
				8770043728E73D950077567D /* Africa */,
			);
		};
/* End PBXProject section */

/* Begin PBXResourcesBuildPhase section */
		8770043628E73D950077567D /* Resources */ = {
			isa = PBXResourcesBuildPhase;
			buildActionMask = 2147483647;
			files = (
				87D79FDA28E743D4006CB65E /* locations.json in Resources */,
				87D79FD028E74399006CB65E /* hippo.mp4 in Resources */,
				87D79FDC28E743D4006CB65E /* videos.json in Resources */,
				87D79FCC28E74399006CB65E /* zebra.mp4 in Resources */,
				87D79FD128E74399006CB65E /* lioness.mp4 in Resources */,
				87D79FDD28E743D4006CB65E /* covers.json in Resources */,
				87D79FD228E74399006CB65E /* lion.mp4 in Resources */,
				87D79FD428E74399006CB65E /* gorilla.mp4 in Resources */,
				87D79FCD28E74399006CB65E /* cheetah.mp4 in Resources */,
				87D79FDB28E743D4006CB65E /* animals.json in Resources */,
				87D79FCE28E74399006CB65E /* elephant.mp4 in Resources */,
				87D79FCB28E74399006CB65E /* rhino.mp4 in Resources */,
				8770044328E73D980077567D /* Preview Assets.xcassets in Resources */,
				87D79FCF28E74399006CB65E /* giraffe.mp4 in Resources */,
				8770044028E73D980077567D /* Assets.xcassets in Resources */,
				87D79FD328E74399006CB65E /* ostrich.mp4 in Resources */,
			);
			runOnlyForDeploymentPostprocessing = 0;
		};
/* End PBXResourcesBuildPhase section */

/* Begin PBXSourcesBuildPhase section */
		8770043428E73D950077567D /* Sources */ = {
			isa = PBXSourcesBuildPhase;
			buildActionMask = 2147483647;
			files = (
				8769869928F0652C0057D9BF /* Bundle+decode.swift in Sources */,
				8769869D28F06BEC0057D9BF /* AnimalListItemView.swift in Sources */,
				8770043E28E73D950077567D /* ContentView.swift in Sources */,
				876986A828F08E4D0057D9BF /* InsetFactView.swift in Sources */,
				8769868E28F059290057D9BF /* MainView.swift in Sources */,
				8769869328F05C2D0057D9BF /* CoverImageView.swift in Sources */,
				876986A128F07E430057D9BF /* AnimalDetailView.swift in Sources */,
				876986A328F0815E0057D9BF /* HeadingView.swift in Sources */,
				8769869F28F06E520057D9BF /* Animal.swift in Sources */,
				879A826828F6F6E100D3ACB2 /* InsetMapView.swift in Sources */,
				8769869628F0641B0057D9BF /* CoverImageModel.swift in Sources */,
				8769868A28F058E60057D9BF /* MapView.swift in Sources */,
				8770043C28E73D950077567D /* AfricaApp.swift in Sources */,
				876986A528F0831D0057D9BF /* InsetGalleryView.swift in Sources */,
				8769868828F058C90057D9BF /* VideoListView.swift in Sources */,
				8769868C28F058F80057D9BF /* GalleryView.swift in Sources */,
			);
			runOnlyForDeploymentPostprocessing = 0;
		};
/* End PBXSourcesBuildPhase section */

/* Begin XCBuildConfiguration section */
		8770044428E73D980077567D /* Debug */ = {
			isa = XCBuildConfiguration;
			buildSettings = {
				ALWAYS_SEARCH_USER_PATHS = NO;
				CLANG_ANALYZER_NONNULL = YES;
				CLANG_ANALYZER_NUMBER_OBJECT_CONVERSION = YES_AGGRESSIVE;
				CLANG_CXX_LANGUAGE_STANDARD = "gnu++17";
				CLANG_ENABLE_MODULES = YES;
				CLANG_ENABLE_OBJC_ARC = YES;
				CLANG_ENABLE_OBJC_WEAK = YES;
				CLANG_WARN_BLOCK_CAPTURE_AUTORELEASING = YES;
				CLANG_WARN_BOOL_CONVERSION = YES;
				CLANG_WARN_COMMA = YES;
				CLANG_WARN_CONSTANT_CONVERSION = YES;
				CLANG_WARN_DEPRECATED_OBJC_IMPLEMENTATIONS = YES;
				CLANG_WARN_DIRECT_OBJC_ISA_USAGE = YES_ERROR;
				CLANG_WARN_DOCUMENTATION_COMMENTS = YES;
				CLANG_WARN_EMPTY_BODY = YES;
				CLANG_WARN_ENUM_CONVERSION = YES;
				CLANG_WARN_INFINITE_RECURSION = YES;
				CLANG_WARN_INT_CONVERSION = YES;
				CLANG_WARN_NON_LITERAL_NULL_CONVERSION = YES;
				CLANG_WARN_OBJC_IMPLICIT_RETAIN_SELF = YES;
				CLANG_WARN_OBJC_LITERAL_CONVERSION = YES;
				CLANG_WARN_OBJC_ROOT_CLASS = YES_ERROR;
				CLANG_WARN_QUOTED_INCLUDE_IN_FRAMEWORK_HEADER = YES;
				CLANG_WARN_RANGE_LOOP_ANALYSIS = YES;
				CLANG_WARN_STRICT_PROTOTYPES = YES;
				CLANG_WARN_SUSPICIOUS_MOVE = YES;
				CLANG_WARN_UNGUARDED_AVAILABILITY = YES_AGGRESSIVE;
				CLANG_WARN_UNREACHABLE_CODE = YES;
				CLANG_WARN__DUPLICATE_METHOD_MATCH = YES;
				COPY_PHASE_STRIP = NO;
				DEBUG_INFORMATION_FORMAT = dwarf;
				ENABLE_STRICT_OBJC_MSGSEND = YES;
				ENABLE_TESTABILITY = YES;
				GCC_C_LANGUAGE_STANDARD = gnu11;
				GCC_DYNAMIC_NO_PIC = NO;
				GCC_NO_COMMON_BLOCKS = YES;
				GCC_OPTIMIZATION_LEVEL = 0;
				GCC_PREPROCESSOR_DEFINITIONS = (
					"DEBUG=1",
					"$(inherited)",
				);
				GCC_WARN_64_TO_32_BIT_CONVERSION = YES;
				GCC_WARN_ABOUT_RETURN_TYPE = YES_ERROR;
				GCC_WARN_UNDECLARED_SELECTOR = YES;
				GCC_WARN_UNINITIALIZED_AUTOS = YES_AGGRESSIVE;
				GCC_WARN_UNUSED_FUNCTION = YES;
				GCC_WARN_UNUSED_VARIABLE = YES;
				IPHONEOS_DEPLOYMENT_TARGET = 15.5;
				MTL_ENABLE_DEBUG_INFO = INCLUDE_SOURCE;
				MTL_FAST_MATH = YES;
				ONLY_ACTIVE_ARCH = YES;
				SDKROOT = iphoneos;
				SWIFT_ACTIVE_COMPILATION_CONDITIONS = DEBUG;
				SWIFT_OPTIMIZATION_LEVEL = "-Onone";
			};
			name = Debug;
		};
		8770044528E73D980077567D /* Release */ = {
			isa = XCBuildConfiguration;
			buildSettings = {
				ALWAYS_SEARCH_USER_PATHS = NO;
				CLANG_ANALYZER_NONNULL = YES;
				CLANG_ANALYZER_NUMBER_OBJECT_CONVERSION = YES_AGGRESSIVE;
				CLANG_CXX_LANGUAGE_STANDARD = "gnu++17";
				CLANG_ENABLE_MODULES = YES;
				CLANG_ENABLE_OBJC_ARC = YES;
				CLANG_ENABLE_OBJC_WEAK = YES;
				CLANG_WARN_BLOCK_CAPTURE_AUTORELEASING = YES;
				CLANG_WARN_BOOL_CONVERSION = YES;
				CLANG_WARN_COMMA = YES;
				CLANG_WARN_CONSTANT_CONVERSION = YES;
				CLANG_WARN_DEPRECATED_OBJC_IMPLEMENTATIONS = YES;
				CLANG_WARN_DIRECT_OBJC_ISA_USAGE = YES_ERROR;
				CLANG_WARN_DOCUMENTATION_COMMENTS = YES;
				CLANG_WARN_EMPTY_BODY = YES;
				CLANG_WARN_ENUM_CONVERSION = YES;
				CLANG_WARN_INFINITE_RECURSION = YES;
				CLANG_WARN_INT_CONVERSION = YES;
				CLANG_WARN_NON_LITERAL_NULL_CONVERSION = YES;
				CLANG_WARN_OBJC_IMPLICIT_RETAIN_SELF = YES;
				CLANG_WARN_OBJC_LITERAL_CONVERSION = YES;
				CLANG_WARN_OBJC_ROOT_CLASS = YES_ERROR;
				CLANG_WARN_QUOTED_INCLUDE_IN_FRAMEWORK_HEADER = YES;
				CLANG_WARN_RANGE_LOOP_ANALYSIS = YES;
				CLANG_WARN_STRICT_PROTOTYPES = YES;
				CLANG_WARN_SUSPICIOUS_MOVE = YES;
				CLANG_WARN_UNGUARDED_AVAILABILITY = YES_AGGRESSIVE;
				CLANG_WARN_UNREACHABLE_CODE = YES;
				CLANG_WARN__DUPLICATE_METHOD_MATCH = YES;
				COPY_PHASE_STRIP = NO;
				DEBUG_INFORMATION_FORMAT = "dwarf-with-dsym";
				ENABLE_NS_ASSERTIONS = NO;
				ENABLE_STRICT_OBJC_MSGSEND = YES;
				GCC_C_LANGUAGE_STANDARD = gnu11;
				GCC_NO_COMMON_BLOCKS = YES;
				GCC_WARN_64_TO_32_BIT_CONVERSION = YES;
				GCC_WARN_ABOUT_RETURN_TYPE = YES_ERROR;
				GCC_WARN_UNDECLARED_SELECTOR = YES;
				GCC_WARN_UNINITIALIZED_AUTOS = YES_AGGRESSIVE;
				GCC_WARN_UNUSED_FUNCTION = YES;
				GCC_WARN_UNUSED_VARIABLE = YES;
				IPHONEOS_DEPLOYMENT_TARGET = 15.5;
				MTL_ENABLE_DEBUG_INFO = NO;
				MTL_FAST_MATH = YES;
				SDKROOT = iphoneos;
				SWIFT_COMPILATION_MODE = wholemodule;
				SWIFT_OPTIMIZATION_LEVEL = "-O";
				VALIDATE_PRODUCT = YES;
			};
			name = Release;
		};
		8770044728E73D980077567D /* Debug */ = {
			isa = XCBuildConfiguration;
			buildSettings = {
				ASSETCATALOG_COMPILER_APPICON_NAME = AppIcon;
				ASSETCATALOG_COMPILER_GLOBAL_ACCENT_COLOR_NAME = AccentColor;
				CODE_SIGN_STYLE = Automatic;
				CURRENT_PROJECT_VERSION = 1;
				DEVELOPMENT_ASSET_PATHS = "\"Africa/Preview Content\"";
				ENABLE_PREVIEWS = YES;
				GENERATE_INFOPLIST_FILE = YES;
				INFOPLIST_FILE = Africa/Info.plist;
				INFOPLIST_KEY_UIApplicationSceneManifest_Generation = YES;
				INFOPLIST_KEY_UIApplicationSupportsIndirectInputEvents = YES;
				INFOPLIST_KEY_UISupportedInterfaceOrientations_iPad = "UIInterfaceOrientationPortrait UIInterfaceOrientationPortraitUpsideDown UIInterfaceOrientationLandscapeLeft UIInterfaceOrientationLandscapeRight";
				INFOPLIST_KEY_UISupportedInterfaceOrientations_iPhone = "UIInterfaceOrientationPortrait UIInterfaceOrientationLandscapeLeft UIInterfaceOrientationLandscapeRight";
				INFOPLIST_KEY_UIUserInterfaceStyle = Dark;
				LD_RUNPATH_SEARCH_PATHS = (
					"$(inherited)",
					"@executable_path/Frameworks",
				);
				MARKETING_VERSION = 1.0;
				PRODUCT_BUNDLE_IDENTIFIER = com.kabok.SwiftUI.Africa;
				PRODUCT_NAME = "$(TARGET_NAME)";
				SWIFT_EMIT_LOC_STRINGS = YES;
				SWIFT_VERSION = 5.0;
				TARGETED_DEVICE_FAMILY = "1,2";
			};
			name = Debug;
		};
		8770044828E73D980077567D /* Release */ = {
			isa = XCBuildConfiguration;
			buildSettings = {
				ASSETCATALOG_COMPILER_APPICON_NAME = AppIcon;
				ASSETCATALOG_COMPILER_GLOBAL_ACCENT_COLOR_NAME = AccentColor;
				CODE_SIGN_STYLE = Automatic;
				CURRENT_PROJECT_VERSION = 1;
				DEVELOPMENT_ASSET_PATHS = "\"Africa/Preview Content\"";
				ENABLE_PREVIEWS = YES;
				GENERATE_INFOPLIST_FILE = YES;
				INFOPLIST_FILE = Africa/Info.plist;
				INFOPLIST_KEY_UIApplicationSceneManifest_Generation = YES;
				INFOPLIST_KEY_UIApplicationSupportsIndirectInputEvents = YES;
				INFOPLIST_KEY_UISupportedInterfaceOrientations_iPad = "UIInterfaceOrientationPortrait UIInterfaceOrientationPortraitUpsideDown UIInterfaceOrientationLandscapeLeft UIInterfaceOrientationLandscapeRight";
				INFOPLIST_KEY_UISupportedInterfaceOrientations_iPhone = "UIInterfaceOrientationPortrait UIInterfaceOrientationLandscapeLeft UIInterfaceOrientationLandscapeRight";
				INFOPLIST_KEY_UIUserInterfaceStyle = Dark;
				LD_RUNPATH_SEARCH_PATHS = (
					"$(inherited)",
					"@executable_path/Frameworks",
				);
				MARKETING_VERSION = 1.0;
				PRODUCT_BUNDLE_IDENTIFIER = com.kabok.SwiftUI.Africa;
				PRODUCT_NAME = "$(TARGET_NAME)";
				SWIFT_EMIT_LOC_STRINGS = YES;
				SWIFT_VERSION = 5.0;
				TARGETED_DEVICE_FAMILY = "1,2";
			};
			name = Release;
		};
/* End XCBuildConfiguration section */

/* Begin XCConfigurationList section */
		8770043328E73D950077567D /* Build configuration list for PBXProject "Africa" */ = {
			isa = XCConfigurationList;
			buildConfigurations = (
				8770044428E73D980077567D /* Debug */,
				8770044528E73D980077567D /* Release */,
			);
			defaultConfigurationIsVisible = 0;
			defaultConfigurationName = Release;
		};
		8770044628E73D980077567D /* Build configuration list for PBXNativeTarget "Africa" */ = {
			isa = XCConfigurationList;
			buildConfigurations = (
				8770044728E73D980077567D /* Debug */,
				8770044828E73D980077567D /* Release */,
			);
			defaultConfigurationIsVisible = 0;
			defaultConfigurationName = Release;
		};
/* End XCConfigurationList section */
	};
	rootObject = 8770043028E73D950077567D /* Project object */;
}
