// !$*UTF8*$!
{
	archiveVersion = 1;
	classes = {
	};
	objectVersion = 55;
	objects = {

/* Begin PBXBuildFile section */
		892DA90028B8CCA600DFB55C /* FruitDetailView.swift in Sources */ = {isa = PBXBuildFile; fileRef = 892DA8FF28B8CCA600DFB55C /* FruitDetailView.swift */; };
		892DA90428B8DC8C00DFB55C /* FruitHeaderView.swift in Sources */ = {isa = PBXBuildFile; fileRef = 892DA90328B8DC8C00DFB55C /* FruitHeaderView.swift */; };
		892DA90628B8F99700DFB55C /* SourceLinkView.swift in Sources */ = {isa = PBXBuildFile; fileRef = 892DA90528B8F99700DFB55C /* SourceLinkView.swift */; };
		892DA90828B900E600DFB55C /* FruitNutrientsView.swift in Sources */ = {isa = PBXBuildFile; fileRef = 892DA90728B900E600DFB55C /* FruitNutrientsView.swift */; };
		8946E670289C27AA00EEBAFA /* OnboardingView.swift in Sources */ = {isa = PBXBuildFile; fileRef = 8946E66F289C27AA00EEBAFA /* OnboardingView.swift */; };
		894EBF1B289D4CC5006D3F03 /* Fruit.swift in Sources */ = {isa = PBXBuildFile; fileRef = 894EBF1A289D4CC5006D3F03 /* Fruit.swift */; };
		894EBF1E289D4E0A006D3F03 /* FruitData.swift in Sources */ = {isa = PBXBuildFile; fileRef = 894EBF1D289D4E0A006D3F03 /* FruitData.swift */; };
		894EBF20289D6DC7006D3F03 /* FruitRowView.swift in Sources */ = {isa = PBXBuildFile; fileRef = 894EBF1F289D6DC7006D3F03 /* FruitRowView.swift */; };
		89D77A3228BCECEA003CE230 /* SettingsView.swift in Sources */ = {isa = PBXBuildFile; fileRef = 89D77A3128BCECEA003CE230 /* SettingsView.swift */; };
		89D77A3428BCF631003CE230 /* SettingsLabelView.swift in Sources */ = {isa = PBXBuildFile; fileRef = 89D77A3328BCF631003CE230 /* SettingsLabelView.swift */; };
		89D77A3628BCFF25003CE230 /* SettingsRowView.swift in Sources */ = {isa = PBXBuildFile; fileRef = 89D77A3528BCFF25003CE230 /* SettingsRowView.swift */; };
		89E3C454289C09B400507C30 /* FruitsApp.swift in Sources */ = {isa = PBXBuildFile; fileRef = 89E3C453289C09B400507C30 /* FruitsApp.swift */; };
		89E3C456289C09B400507C30 /* ContentView.swift in Sources */ = {isa = PBXBuildFile; fileRef = 89E3C455289C09B400507C30 /* ContentView.swift */; };
		89E3C458289C09B400507C30 /* Assets.xcassets in Resources */ = {isa = PBXBuildFile; fileRef = 89E3C457289C09B400507C30 /* Assets.xcassets */; };
		89E3C45B289C09B400507C30 /* Preview Assets.xcassets in Resources */ = {isa = PBXBuildFile; fileRef = 89E3C45A289C09B400507C30 /* Preview Assets.xcassets */; };
		89E3C465289C114300507C30 /* FruitCardView.swift in Sources */ = {isa = PBXBuildFile; fileRef = 89E3C464289C114300507C30 /* FruitCardView.swift */; };
		89E3C467289C206800507C30 /* StartButtonView.swift in Sources */ = {isa = PBXBuildFile; fileRef = 89E3C466289C206800507C30 /* StartButtonView.swift */; };
/* End PBXBuildFile section */

/* Begin PBXFileReference section */
		892DA8FF28B8CCA600DFB55C /* FruitDetailView.swift */ = {isa = PBXFileReference; lastKnownFileType = sourcecode.swift; path = FruitDetailView.swift; sourceTree = "<group>"; };
		892DA90328B8DC8C00DFB55C /* FruitHeaderView.swift */ = {isa = PBXFileReference; lastKnownFileType = sourcecode.swift; path = FruitHeaderView.swift; sourceTree = "<group>"; };
		892DA90528B8F99700DFB55C /* SourceLinkView.swift */ = {isa = PBXFileReference; lastKnownFileType = sourcecode.swift; path = SourceLinkView.swift; sourceTree = "<group>"; };
		892DA90728B900E600DFB55C /* FruitNutrientsView.swift */ = {isa = PBXFileReference; lastKnownFileType = sourcecode.swift; path = FruitNutrientsView.swift; sourceTree = "<group>"; };
		8946E66F289C27AA00EEBAFA /* OnboardingView.swift */ = {isa = PBXFileReference; lastKnownFileType = sourcecode.swift; path = OnboardingView.swift; sourceTree = "<group>"; };
		894EBF1A289D4CC5006D3F03 /* Fruit.swift */ = {isa = PBXFileReference; lastKnownFileType = sourcecode.swift; path = Fruit.swift; sourceTree = "<group>"; };
		894EBF1D289D4E0A006D3F03 /* FruitData.swift */ = {isa = PBXFileReference; lastKnownFileType = sourcecode.swift; path = FruitData.swift; sourceTree = "<group>"; };
		894EBF1F289D6DC7006D3F03 /* FruitRowView.swift */ = {isa = PBXFileReference; lastKnownFileType = sourcecode.swift; path = FruitRowView.swift; sourceTree = "<group>"; };
		89D77A3128BCECEA003CE230 /* SettingsView.swift */ = {isa = PBXFileReference; lastKnownFileType = sourcecode.swift; path = SettingsView.swift; sourceTree = "<group>"; };
		89D77A3328BCF631003CE230 /* SettingsLabelView.swift */ = {isa = PBXFileReference; lastKnownFileType = sourcecode.swift; path = SettingsLabelView.swift; sourceTree = "<group>"; };
		89D77A3528BCFF25003CE230 /* SettingsRowView.swift */ = {isa = PBXFileReference; lastKnownFileType = sourcecode.swift; path = SettingsRowView.swift; sourceTree = "<group>"; };
		89E3C450289C09B400507C30 /* Fruits.app */ = {isa = PBXFileReference; explicitFileType = wrapper.application; includeInIndex = 0; path = Fruits.app; sourceTree = BUILT_PRODUCTS_DIR; };
		89E3C453289C09B400507C30 /* FruitsApp.swift */ = {isa = PBXFileReference; lastKnownFileType = sourcecode.swift; path = FruitsApp.swift; sourceTree = "<group>"; };
		89E3C455289C09B400507C30 /* ContentView.swift */ = {isa = PBXFileReference; lastKnownFileType = sourcecode.swift; path = ContentView.swift; sourceTree = "<group>"; };
		89E3C457289C09B400507C30 /* Assets.xcassets */ = {isa = PBXFileReference; lastKnownFileType = folder.assetcatalog; path = Assets.xcassets; sourceTree = "<group>"; };
		89E3C45A289C09B400507C30 /* Preview Assets.xcassets */ = {isa = PBXFileReference; lastKnownFileType = folder.assetcatalog; path = "Preview Assets.xcassets"; sourceTree = "<group>"; };
		89E3C464289C114300507C30 /* FruitCardView.swift */ = {isa = PBXFileReference; lastKnownFileType = sourcecode.swift; path = FruitCardView.swift; sourceTree = "<group>"; };
		89E3C466289C206800507C30 /* StartButtonView.swift */ = {isa = PBXFileReference; lastKnownFileType = sourcecode.swift; path = StartButtonView.swift; sourceTree = "<group>"; };
/* End PBXFileReference section */

/* Begin PBXFrameworksBuildPhase section */
		89E3C44D289C09B400507C30 /* Frameworks */ = {
			isa = PBXFrameworksBuildPhase;
			buildActionMask = 2147483647;
			files = (
			);
			runOnlyForDeploymentPostprocessing = 0;
		};
/* End PBXFrameworksBuildPhase section */

/* Begin PBXGroup section */
		894EBF19289D4CB2006D3F03 /* Model */ = {
			isa = PBXGroup;
			children = (
				894EBF1A289D4CC5006D3F03 /* Fruit.swift */,
			);
			path = Model;
			sourceTree = "<group>";
		};
		894EBF1C289D4DF0006D3F03 /* Data */ = {
			isa = PBXGroup;
			children = (
				894EBF1D289D4E0A006D3F03 /* FruitData.swift */,
			);
			path = Data;
			sourceTree = "<group>";
		};
		89E3C447289C09B400507C30 = {
			isa = PBXGroup;
			children = (
				89E3C452289C09B400507C30 /* Fruits */,
				89E3C451289C09B400507C30 /* Products */,
			);
			sourceTree = "<group>";
		};
		89E3C451289C09B400507C30 /* Products */ = {
			isa = PBXGroup;
			children = (
				89E3C450289C09B400507C30 /* Fruits.app */,
			);
			name = Products;
			sourceTree = "<group>";
		};
		89E3C452289C09B400507C30 /* Fruits */ = {
			isa = PBXGroup;
			children = (
				89E3C462289C107900507C30 /* App */,
				89E3C463289C111F00507C30 /* View */,
				894EBF1C289D4DF0006D3F03 /* Data */,
				894EBF19289D4CB2006D3F03 /* Model */,
				89E3C457289C09B400507C30 /* Assets.xcassets */,
				89E3C459289C09B400507C30 /* Preview Content */,
			);
			path = Fruits;
			sourceTree = "<group>";
		};
		89E3C459289C09B400507C30 /* Preview Content */ = {
			isa = PBXGroup;
			children = (
				89E3C45A289C09B400507C30 /* Preview Assets.xcassets */,
			);
			path = "Preview Content";
			sourceTree = "<group>";
		};
		89E3C462289C107900507C30 /* App */ = {
			isa = PBXGroup;
			children = (
				89E3C453289C09B400507C30 /* FruitsApp.swift */,
				8946E66F289C27AA00EEBAFA /* OnboardingView.swift */,
				89E3C455289C09B400507C30 /* ContentView.swift */,
				892DA8FF28B8CCA600DFB55C /* FruitDetailView.swift */,
			);
			path = App;
			sourceTree = "<group>";
		};
		89E3C463289C111F00507C30 /* View */ = {
			isa = PBXGroup;
			children = (
				89E3C464289C114300507C30 /* FruitCardView.swift */,
				89E3C466289C206800507C30 /* StartButtonView.swift */,
				894EBF1F289D6DC7006D3F03 /* FruitRowView.swift */,
				892DA90328B8DC8C00DFB55C /* FruitHeaderView.swift */,
				892DA90528B8F99700DFB55C /* SourceLinkView.swift */,
				892DA90728B900E600DFB55C /* FruitNutrientsView.swift */,
				89D77A3128BCECEA003CE230 /* SettingsView.swift */,
				89D77A3328BCF631003CE230 /* SettingsLabelView.swift */,
				89D77A3528BCFF25003CE230 /* SettingsRowView.swift */,
			);
			path = View;
			sourceTree = "<group>";
		};
/* End PBXGroup section */

/* Begin PBXNativeTarget section */
		89E3C44F289C09B400507C30 /* Fruits */ = {
			isa = PBXNativeTarget;
			buildConfigurationList = 89E3C45E289C09B400507C30 /* Build configuration list for PBXNativeTarget "Fruits" */;
			buildPhases = (
				89E3C44C289C09B400507C30 /* Sources */,
				89E3C44D289C09B400507C30 /* Frameworks */,
				89E3C44E289C09B400507C30 /* Resources */,
			);
			buildRules = (
			);
			dependencies = (
			);
			name = Fruits;
			productName = Fruits;
			productReference = 89E3C450289C09B400507C30 /* Fruits.app */;
			productType = "com.apple.product-type.application";
		};
/* End PBXNativeTarget section */

/* Begin PBXProject section */
		89E3C448289C09B400507C30 /* Project object */ = {
			isa = PBXProject;
			attributes = {
				BuildIndependentTargetsInParallel = 1;
				LastSwiftUpdateCheck = 1340;
				LastUpgradeCheck = 1340;
				TargetAttributes = {
					89E3C44F289C09B400507C30 = {
						CreatedOnToolsVersion = 13.4.1;
					};
				};
			};
			buildConfigurationList = 89E3C44B289C09B400507C30 /* Build configuration list for PBXProject "Fruits" */;
			compatibilityVersion = "Xcode 13.0";
			developmentRegion = en;
			hasScannedForEncodings = 0;
			knownRegions = (
				en,
				Base,
			);
			mainGroup = 89E3C447289C09B400507C30;
			productRefGroup = 89E3C451289C09B400507C30 /* Products */;
			projectDirPath = "";
			projectRoot = "";
			targets = (
				89E3C44F289C09B400507C30 /* Fruits */,
			);
		};
/* End PBXProject section */

/* Begin PBXResourcesBuildPhase section */
		89E3C44E289C09B400507C30 /* Resources */ = {
			isa = PBXResourcesBuildPhase;
			buildActionMask = 2147483647;
			files = (
				89E3C45B289C09B400507C30 /* Preview Assets.xcassets in Resources */,
				89E3C458289C09B400507C30 /* Assets.xcassets in Resources */,
			);
			runOnlyForDeploymentPostprocessing = 0;
		};
/* End PBXResourcesBuildPhase section */

/* Begin PBXSourcesBuildPhase section */
		89E3C44C289C09B400507C30 /* Sources */ = {
			isa = PBXSourcesBuildPhase;
			buildActionMask = 2147483647;
			files = (
				894EBF1E289D4E0A006D3F03 /* FruitData.swift in Sources */,
				892DA90628B8F99700DFB55C /* SourceLinkView.swift in Sources */,
				89D77A3628BCFF25003CE230 /* SettingsRowView.swift in Sources */,
				894EBF1B289D4CC5006D3F03 /* Fruit.swift in Sources */,
				894EBF20289D6DC7006D3F03 /* FruitRowView.swift in Sources */,
				892DA90828B900E600DFB55C /* FruitNutrientsView.swift in Sources */,
				892DA90428B8DC8C00DFB55C /* FruitHeaderView.swift in Sources */,
				89E3C465289C114300507C30 /* FruitCardView.swift in Sources */,
				892DA90028B8CCA600DFB55C /* FruitDetailView.swift in Sources */,
				89E3C467289C206800507C30 /* StartButtonView.swift in Sources */,
				89E3C456289C09B400507C30 /* ContentView.swift in Sources */,
				89D77A3428BCF631003CE230 /* SettingsLabelView.swift in Sources */,
				8946E670289C27AA00EEBAFA /* OnboardingView.swift in Sources */,
				89E3C454289C09B400507C30 /* FruitsApp.swift in Sources */,
				89D77A3228BCECEA003CE230 /* SettingsView.swift in Sources */,
			);
			runOnlyForDeploymentPostprocessing = 0;
		};
/* End PBXSourcesBuildPhase section */

/* Begin XCBuildConfiguration section */
		89E3C45C289C09B400507C30 /* Debug */ = {
			isa = XCBuildConfiguration;
			buildSettings = {
				ALWAYS_SEARCH_USER_PATHS = NO;
				CLANG_ANALYZER_NONNULL = YES;
				CLANG_ANALYZER_NUMBER_OBJECT_CONVERSION = YES_AGGRESSIVE;
				CLANG_CXX_LANGUAGE_STANDARD = "gnu++17";
				CLANG_ENABLE_MODULES = YES;
				CLANG_ENABLE_OBJC_ARC = YES;
				CLANG_ENABLE_OBJC_WEAK = YES;
				CLANG_WARN_BLOCK_CAPTURE_AUTORELEASING = YES;
				CLANG_WARN_BOOL_CONVERSION = YES;
				CLANG_WARN_COMMA = YES;
				CLANG_WARN_CONSTANT_CONVERSION = YES;
				CLANG_WARN_DEPRECATED_OBJC_IMPLEMENTATIONS = YES;
				CLANG_WARN_DIRECT_OBJC_ISA_USAGE = YES_ERROR;
				CLANG_WARN_DOCUMENTATION_COMMENTS = YES;
				CLANG_WARN_EMPTY_BODY = YES;
				CLANG_WARN_ENUM_CONVERSION = YES;
				CLANG_WARN_INFINITE_RECURSION = YES;
				CLANG_WARN_INT_CONVERSION = YES;
				CLANG_WARN_NON_LITERAL_NULL_CONVERSION = YES;
				CLANG_WARN_OBJC_IMPLICIT_RETAIN_SELF = YES;
				CLANG_WARN_OBJC_LITERAL_CONVERSION = YES;
				CLANG_WARN_OBJC_ROOT_CLASS = YES_ERROR;
				CLANG_WARN_QUOTED_INCLUDE_IN_FRAMEWORK_HEADER = YES;
				CLANG_WARN_RANGE_LOOP_ANALYSIS = YES;
				CLANG_WARN_STRICT_PROTOTYPES = YES;
				CLANG_WARN_SUSPICIOUS_MOVE = YES;
				CLANG_WARN_UNGUARDED_AVAILABILITY = YES_AGGRESSIVE;
				CLANG_WARN_UNREACHABLE_CODE = YES;
				CLANG_WARN__DUPLICATE_METHOD_MATCH = YES;
				COPY_PHASE_STRIP = NO;
				DEBUG_INFORMATION_FORMAT = dwarf;
				ENABLE_STRICT_OBJC_MSGSEND = YES;
				ENABLE_TESTABILITY = YES;
				GCC_C_LANGUAGE_STANDARD = gnu11;
				GCC_DYNAMIC_NO_PIC = NO;
				GCC_NO_COMMON_BLOCKS = YES;
				GCC_OPTIMIZATION_LEVEL = 0;
				GCC_PREPROCESSOR_DEFINITIONS = (
					"DEBUG=1",
					"$(inherited)",
				);
				GCC_WARN_64_TO_32_BIT_CONVERSION = YES;
				GCC_WARN_ABOUT_RETURN_TYPE = YES_ERROR;
				GCC_WARN_UNDECLARED_SELECTOR = YES;
				GCC_WARN_UNINITIALIZED_AUTOS = YES_AGGRESSIVE;
				GCC_WARN_UNUSED_FUNCTION = YES;
				GCC_WARN_UNUSED_VARIABLE = YES;
				IPHONEOS_DEPLOYMENT_TARGET = 15.5;
				MTL_ENABLE_DEBUG_INFO = INCLUDE_SOURCE;
				MTL_FAST_MATH = YES;
				ONLY_ACTIVE_ARCH = YES;
				SDKROOT = iphoneos;
				SWIFT_ACTIVE_COMPILATION_CONDITIONS = DEBUG;
				SWIFT_OPTIMIZATION_LEVEL = "-Onone";
			};
			name = Debug;
		};
		89E3C45D289C09B400507C30 /* Release */ = {
			isa = XCBuildConfiguration;
			buildSettings = {
				ALWAYS_SEARCH_USER_PATHS = NO;
				CLANG_ANALYZER_NONNULL = YES;
				CLANG_ANALYZER_NUMBER_OBJECT_CONVERSION = YES_AGGRESSIVE;
				CLANG_CXX_LANGUAGE_STANDARD = "gnu++17";
				CLANG_ENABLE_MODULES = YES;
				CLANG_ENABLE_OBJC_ARC = YES;
				CLANG_ENABLE_OBJC_WEAK = YES;
				CLANG_WARN_BLOCK_CAPTURE_AUTORELEASING = YES;
				CLANG_WARN_BOOL_CONVERSION = YES;
				CLANG_WARN_COMMA = YES;
				CLANG_WARN_CONSTANT_CONVERSION = YES;
				CLANG_WARN_DEPRECATED_OBJC_IMPLEMENTATIONS = YES;
				CLANG_WARN_DIRECT_OBJC_ISA_USAGE = YES_ERROR;
				CLANG_WARN_DOCUMENTATION_COMMENTS = YES;
				CLANG_WARN_EMPTY_BODY = YES;
				CLANG_WARN_ENUM_CONVERSION = YES;
				CLANG_WARN_INFINITE_RECURSION = YES;
				CLANG_WARN_INT_CONVERSION = YES;
				CLANG_WARN_NON_LITERAL_NULL_CONVERSION = YES;
				CLANG_WARN_OBJC_IMPLICIT_RETAIN_SELF = YES;
				CLANG_WARN_OBJC_LITERAL_CONVERSION = YES;
				CLANG_WARN_OBJC_ROOT_CLASS = YES_ERROR;
				CLANG_WARN_QUOTED_INCLUDE_IN_FRAMEWORK_HEADER = YES;
				CLANG_WARN_RANGE_LOOP_ANALYSIS = YES;
				CLANG_WARN_STRICT_PROTOTYPES = YES;
				CLANG_WARN_SUSPICIOUS_MOVE = YES;
				CLANG_WARN_UNGUARDED_AVAILABILITY = YES_AGGRESSIVE;
				CLANG_WARN_UNREACHABLE_CODE = YES;
				CLANG_WARN__DUPLICATE_METHOD_MATCH = YES;
				COPY_PHASE_STRIP = NO;
				DEBUG_INFORMATION_FORMAT = "dwarf-with-dsym";
				ENABLE_NS_ASSERTIONS = NO;
				ENABLE_STRICT_OBJC_MSGSEND = YES;
				GCC_C_LANGUAGE_STANDARD = gnu11;
				GCC_NO_COMMON_BLOCKS = YES;
				GCC_WARN_64_TO_32_BIT_CONVERSION = YES;
				GCC_WARN_ABOUT_RETURN_TYPE = YES_ERROR;
				GCC_WARN_UNDECLARED_SELECTOR = YES;
				GCC_WARN_UNINITIALIZED_AUTOS = YES_AGGRESSIVE;
				GCC_WARN_UNUSED_FUNCTION = YES;
				GCC_WARN_UNUSED_VARIABLE = YES;
				IPHONEOS_DEPLOYMENT_TARGET = 15.5;
				MTL_ENABLE_DEBUG_INFO = NO;
				MTL_FAST_MATH = YES;
				SDKROOT = iphoneos;
				SWIFT_COMPILATION_MODE = wholemodule;
				SWIFT_OPTIMIZATION_LEVEL = "-O";
				VALIDATE_PRODUCT = YES;
			};
			name = Release;
		};
		89E3C45F289C09B400507C30 /* Debug */ = {
			isa = XCBuildConfiguration;
			buildSettings = {
				ASSETCATALOG_COMPILER_APPICON_NAME = AppIcon;
				ASSETCATALOG_COMPILER_GLOBAL_ACCENT_COLOR_NAME = AccentColor;
				CODE_SIGN_STYLE = Automatic;
				CURRENT_PROJECT_VERSION = 1;
				DEVELOPMENT_ASSET_PATHS = "\"Fruits/Preview Content\"";
				DEVELOPMENT_TEAM = 5GB4GGS54M;
				ENABLE_PREVIEWS = YES;
				GENERATE_INFOPLIST_FILE = YES;
				INFOPLIST_KEY_UIApplicationSceneManifest_Generation = YES;
				INFOPLIST_KEY_UIApplicationSupportsIndirectInputEvents = YES;
				INFOPLIST_KEY_UILaunchScreen_Generation = YES;
				INFOPLIST_KEY_UISupportedInterfaceOrientations = UIInterfaceOrientationPortrait;
				INFOPLIST_KEY_UISupportedInterfaceOrientations_iPad = "UIInterfaceOrientationPortrait UIInterfaceOrientationPortraitUpsideDown UIInterfaceOrientationLandscapeLeft UIInterfaceOrientationLandscapeRight";
				INFOPLIST_KEY_UISupportedInterfaceOrientations_iPhone = "UIInterfaceOrientationPortrait UIInterfaceOrientationLandscapeLeft UIInterfaceOrientationLandscapeRight";
				LD_RUNPATH_SEARCH_PATHS = (
					"$(inherited)",
					"@executable_path/Frameworks",
				);
				MARKETING_VERSION = 1.0;
				PRODUCT_BUNDLE_IDENTIFIER = ir.kabok.Fruits;
				PRODUCT_NAME = "$(TARGET_NAME)";
				SWIFT_EMIT_LOC_STRINGS = YES;
				SWIFT_VERSION = 5.0;
				TARGETED_DEVICE_FAMILY = "1,2";
			};
			name = Debug;
		};
		89E3C460289C09B400507C30 /* Release */ = {
			isa = XCBuildConfiguration;
			buildSettings = {
				ASSETCATALOG_COMPILER_APPICON_NAME = AppIcon;
				ASSETCATALOG_COMPILER_GLOBAL_ACCENT_COLOR_NAME = AccentColor;
				CODE_SIGN_STYLE = Automatic;
				CURRENT_PROJECT_VERSION = 1;
				DEVELOPMENT_ASSET_PATHS = "\"Fruits/Preview Content\"";
				DEVELOPMENT_TEAM = 5GB4GGS54M;
				ENABLE_PREVIEWS = YES;
				GENERATE_INFOPLIST_FILE = YES;
				INFOPLIST_KEY_UIApplicationSceneManifest_Generation = YES;
				INFOPLIST_KEY_UIApplicationSupportsIndirectInputEvents = YES;
				INFOPLIST_KEY_UILaunchScreen_Generation = YES;
				INFOPLIST_KEY_UISupportedInterfaceOrientations = UIInterfaceOrientationPortrait;
				INFOPLIST_KEY_UISupportedInterfaceOrientations_iPad = "UIInterfaceOrientationPortrait UIInterfaceOrientationPortraitUpsideDown UIInterfaceOrientationLandscapeLeft UIInterfaceOrientationLandscapeRight";
				INFOPLIST_KEY_UISupportedInterfaceOrientations_iPhone = "UIInterfaceOrientationPortrait UIInterfaceOrientationLandscapeLeft UIInterfaceOrientationLandscapeRight";
				LD_RUNPATH_SEARCH_PATHS = (
					"$(inherited)",
					"@executable_path/Frameworks",
				);
				MARKETING_VERSION = 1.0;
				PRODUCT_BUNDLE_IDENTIFIER = ir.kabok.Fruits;
				PRODUCT_NAME = "$(TARGET_NAME)";
				SWIFT_EMIT_LOC_STRINGS = YES;
				SWIFT_VERSION = 5.0;
				TARGETED_DEVICE_FAMILY = "1,2";
			};
			name = Release;
		};
/* End XCBuildConfiguration section */

/* Begin XCConfigurationList section */
		89E3C44B289C09B400507C30 /* Build configuration list for PBXProject "Fruits" */ = {
			isa = XCConfigurationList;
			buildConfigurations = (
				89E3C45C289C09B400507C30 /* Debug */,
				89E3C45D289C09B400507C30 /* Release */,
			);
			defaultConfigurationIsVisible = 0;
			defaultConfigurationName = Release;
		};
		89E3C45E289C09B400507C30 /* Build configuration list for PBXNativeTarget "Fruits" */ = {
			isa = XCConfigurationList;
			buildConfigurations = (
				89E3C45F289C09B400507C30 /* Debug */,
				89E3C460289C09B400507C30 /* Release */,
			);
			defaultConfigurationIsVisible = 0;
			defaultConfigurationName = Release;
		};
/* End XCConfigurationList section */
	};
	rootObject = 89E3C448289C09B400507C30 /* Project object */;
}
